// !$*UTF8*$!
{
	archiveVersion = 1;
	classes = {
	};
	objectVersion = 46;
	objects = {

/* Begin PBXFileReference section */
		A42C8BFE15E347DE00E15452 /* AUTHORS */ = {isa = PBXFileReference; fileEncoding = 4; lastKnownFileType = text; path = AUTHORS; sourceTree = "<group>"; };
		A42C8C0015E347DE00E15452 /* gcc_version.py */ = {isa = PBXFileReference; fileEncoding = 4; lastKnownFileType = text.script.python; path = gcc_version.py; sourceTree = "<group>"; };
		A42C8C0115E347DE00E15452 /* common.gypi */ = {isa = PBXFileReference; fileEncoding = 4; lastKnownFileType = text; path = common.gypi; sourceTree = "<group>"; };
		A42C8C0215E347DE00E15452 /* config-mingw.mk */ = {isa = PBXFileReference; fileEncoding = 4; lastKnownFileType = text; path = "config-mingw.mk"; sourceTree = "<group>"; };
		A42C8C0315E347DE00E15452 /* config-unix.mk */ = {isa = PBXFileReference; fileEncoding = 4; lastKnownFileType = text; path = "config-unix.mk"; sourceTree = "<group>"; };
		A42C8C0415E347DE00E15452 /* gyp_uv */ = {isa = PBXFileReference; fileEncoding = 4; lastKnownFileType = text; path = gyp_uv; sourceTree = "<group>"; };
		A42C8C0615E347DE00E15452 /* ares.h */ = {isa = PBXFileReference; fileEncoding = 4; lastKnownFileType = sourcecode.c.h; path = ares.h; sourceTree = "<group>"; };
		A42C8C0715E347DE00E15452 /* ares_version.h */ = {isa = PBXFileReference; fileEncoding = 4; lastKnownFileType = sourcecode.c.h; path = ares_version.h; sourceTree = "<group>"; };
		A42C8C0915E347DE00E15452 /* eio.h */ = {isa = PBXFileReference; fileEncoding = 4; lastKnownFileType = sourcecode.c.h; path = eio.h; sourceTree = "<group>"; };
		A42C8C0A15E347DE00E15452 /* ev.h */ = {isa = PBXFileReference; fileEncoding = 4; lastKnownFileType = sourcecode.c.h; path = ev.h; sourceTree = "<group>"; };
		A42C8C0B15E347DE00E15452 /* ngx-queue.h */ = {isa = PBXFileReference; fileEncoding = 4; lastKnownFileType = sourcecode.c.h; path = "ngx-queue.h"; sourceTree = "<group>"; };
		A42C8C0C15E347DE00E15452 /* tree.h */ = {isa = PBXFileReference; fileEncoding = 4; lastKnownFileType = sourcecode.c.h; path = tree.h; sourceTree = "<group>"; };
		A42C8C0D15E347DE00E15452 /* uv-unix.h */ = {isa = PBXFileReference; fileEncoding = 4; lastKnownFileType = sourcecode.c.h; path = "uv-unix.h"; sourceTree = "<group>"; };
		A42C8C0E15E347DE00E15452 /* uv-win.h */ = {isa = PBXFileReference; fileEncoding = 4; lastKnownFileType = sourcecode.c.h; path = "uv-win.h"; sourceTree = "<group>"; };
		A42C8C0F15E347DE00E15452 /* uv.h */ = {isa = PBXFileReference; fileEncoding = 4; lastKnownFileType = sourcecode.c.h; path = uv.h; sourceTree = "<group>"; };
		A42C8C1015E347DE00E15452 /* LICENSE */ = {isa = PBXFileReference; fileEncoding = 4; lastKnownFileType = text; path = LICENSE; sourceTree = "<group>"; };
		A42C8C1115E347DE00E15452 /* Makefile */ = {isa = PBXFileReference; fileEncoding = 4; lastKnownFileType = sourcecode.make; path = Makefile; sourceTree = "<group>"; };
		A42C8C1215E347DE00E15452 /* README.md */ = {isa = PBXFileReference; fileEncoding = 4; lastKnownFileType = text; path = README.md; sourceTree = "<group>"; };
		A42C8C1515E347DE00E15452 /* ares__close_sockets.c */ = {isa = PBXFileReference; fileEncoding = 4; lastKnownFileType = sourcecode.c.c; path = ares__close_sockets.c; sourceTree = "<group>"; };
		A42C8C1615E347DE00E15452 /* ares__close_sockets.o */ = {isa = PBXFileReference; lastKnownFileType = "compiled.mach-o.objfile"; path = ares__close_sockets.o; sourceTree = "<group>"; };
		A42C8C1715E347DE00E15452 /* ares__get_hostent.c */ = {isa = PBXFileReference; fileEncoding = 4; lastKnownFileType = sourcecode.c.c; path = ares__get_hostent.c; sourceTree = "<group>"; };
		A42C8C1815E347DE00E15452 /* ares__get_hostent.o */ = {isa = PBXFileReference; lastKnownFileType = "compiled.mach-o.objfile"; path = ares__get_hostent.o; sourceTree = "<group>"; };
		A42C8C1915E347DE00E15452 /* ares__read_line.c */ = {isa = PBXFileReference; fileEncoding = 4; lastKnownFileType = sourcecode.c.c; path = ares__read_line.c; sourceTree = "<group>"; };
		A42C8C1A15E347DE00E15452 /* ares__read_line.o */ = {isa = PBXFileReference; lastKnownFileType = "compiled.mach-o.objfile"; path = ares__read_line.o; sourceTree = "<group>"; };
		A42C8C1B15E347DE00E15452 /* ares__timeval.c */ = {isa = PBXFileReference; fileEncoding = 4; lastKnownFileType = sourcecode.c.c; path = ares__timeval.c; sourceTree = "<group>"; };
		A42C8C1C15E347DE00E15452 /* ares__timeval.o */ = {isa = PBXFileReference; lastKnownFileType = "compiled.mach-o.objfile"; path = ares__timeval.o; sourceTree = "<group>"; };
		A42C8C1D15E347DE00E15452 /* ares_cancel.c */ = {isa = PBXFileReference; fileEncoding = 4; lastKnownFileType = sourcecode.c.c; path = ares_cancel.c; sourceTree = "<group>"; };
		A42C8C1E15E347DE00E15452 /* ares_cancel.o */ = {isa = PBXFileReference; lastKnownFileType = "compiled.mach-o.objfile"; path = ares_cancel.o; sourceTree = "<group>"; };
		A42C8C1F15E347DE00E15452 /* ares_data.c */ = {isa = PBXFileReference; fileEncoding = 4; lastKnownFileType = sourcecode.c.c; path = ares_data.c; sourceTree = "<group>"; };
		A42C8C2015E347DE00E15452 /* ares_data.h */ = {isa = PBXFileReference; fileEncoding = 4; lastKnownFileType = sourcecode.c.h; path = ares_data.h; sourceTree = "<group>"; };
		A42C8C2115E347DE00E15452 /* ares_data.o */ = {isa = PBXFileReference; lastKnownFileType = "compiled.mach-o.objfile"; path = ares_data.o; sourceTree = "<group>"; };
		A42C8C2215E347DE00E15452 /* ares_destroy.c */ = {isa = PBXFileReference; fileEncoding = 4; lastKnownFileType = sourcecode.c.c; path = ares_destroy.c; sourceTree = "<group>"; };
		A42C8C2315E347DE00E15452 /* ares_destroy.o */ = {isa = PBXFileReference; lastKnownFileType = "compiled.mach-o.objfile"; path = ares_destroy.o; sourceTree = "<group>"; };
		A42C8C2415E347DE00E15452 /* ares_dns.h */ = {isa = PBXFileReference; fileEncoding = 4; lastKnownFileType = sourcecode.c.h; path = ares_dns.h; sourceTree = "<group>"; };
		A42C8C2515E347DE00E15452 /* ares_expand_name.c */ = {isa = PBXFileReference; fileEncoding = 4; lastKnownFileType = sourcecode.c.c; path = ares_expand_name.c; sourceTree = "<group>"; };
		A42C8C2615E347DE00E15452 /* ares_expand_name.o */ = {isa = PBXFileReference; lastKnownFileType = "compiled.mach-o.objfile"; path = ares_expand_name.o; sourceTree = "<group>"; };
		A42C8C2715E347DE00E15452 /* ares_expand_string.c */ = {isa = PBXFileReference; fileEncoding = 4; lastKnownFileType = sourcecode.c.c; path = ares_expand_string.c; sourceTree = "<group>"; };
		A42C8C2815E347DE00E15452 /* ares_expand_string.o */ = {isa = PBXFileReference; lastKnownFileType = "compiled.mach-o.objfile"; path = ares_expand_string.o; sourceTree = "<group>"; };
		A42C8C2915E347DE00E15452 /* ares_fds.c */ = {isa = PBXFileReference; fileEncoding = 4; lastKnownFileType = sourcecode.c.c; path = ares_fds.c; sourceTree = "<group>"; };
		A42C8C2A15E347DE00E15452 /* ares_fds.o */ = {isa = PBXFileReference; lastKnownFileType = "compiled.mach-o.objfile"; path = ares_fds.o; sourceTree = "<group>"; };
		A42C8C2B15E347DE00E15452 /* ares_free_hostent.c */ = {isa = PBXFileReference; fileEncoding = 4; lastKnownFileType = sourcecode.c.c; path = ares_free_hostent.c; sourceTree = "<group>"; };
		A42C8C2C15E347DE00E15452 /* ares_free_hostent.o */ = {isa = PBXFileReference; lastKnownFileType = "compiled.mach-o.objfile"; path = ares_free_hostent.o; sourceTree = "<group>"; };
		A42C8C2D15E347DE00E15452 /* ares_free_string.c */ = {isa = PBXFileReference; fileEncoding = 4; lastKnownFileType = sourcecode.c.c; path = ares_free_string.c; sourceTree = "<group>"; };
		A42C8C2E15E347DE00E15452 /* ares_free_string.o */ = {isa = PBXFileReference; lastKnownFileType = "compiled.mach-o.objfile"; path = ares_free_string.o; sourceTree = "<group>"; };
		A42C8C2F15E347DE00E15452 /* ares_getenv.c */ = {isa = PBXFileReference; fileEncoding = 4; lastKnownFileType = sourcecode.c.c; path = ares_getenv.c; sourceTree = "<group>"; };
		A42C8C3015E347DE00E15452 /* ares_getenv.h */ = {isa = PBXFileReference; fileEncoding = 4; lastKnownFileType = sourcecode.c.h; path = ares_getenv.h; sourceTree = "<group>"; };
		A42C8C3115E347DE00E15452 /* ares_gethostbyaddr.c */ = {isa = PBXFileReference; fileEncoding = 4; lastKnownFileType = sourcecode.c.c; path = ares_gethostbyaddr.c; sourceTree = "<group>"; };
		A42C8C3215E347DE00E15452 /* ares_gethostbyaddr.o */ = {isa = PBXFileReference; lastKnownFileType = "compiled.mach-o.objfile"; path = ares_gethostbyaddr.o; sourceTree = "<group>"; };
		A42C8C3315E347DE00E15452 /* ares_gethostbyname.c */ = {isa = PBXFileReference; fileEncoding = 4; lastKnownFileType = sourcecode.c.c; path = ares_gethostbyname.c; sourceTree = "<group>"; };
		A42C8C3415E347DE00E15452 /* ares_gethostbyname.o */ = {isa = PBXFileReference; lastKnownFileType = "compiled.mach-o.objfile"; path = ares_gethostbyname.o; sourceTree = "<group>"; };
		A42C8C3515E347DE00E15452 /* ares_getnameinfo.c */ = {isa = PBXFileReference; fileEncoding = 4; lastKnownFileType = sourcecode.c.c; path = ares_getnameinfo.c; sourceTree = "<group>"; };
		A42C8C3615E347DE00E15452 /* ares_getnameinfo.o */ = {isa = PBXFileReference; lastKnownFileType = "compiled.mach-o.objfile"; path = ares_getnameinfo.o; sourceTree = "<group>"; };
		A42C8C3715E347DE00E15452 /* ares_getopt.c */ = {isa = PBXFileReference; fileEncoding = 4; lastKnownFileType = sourcecode.c.c; path = ares_getopt.c; sourceTree = "<group>"; };
		A42C8C3815E347DE00E15452 /* ares_getopt.h */ = {isa = PBXFileReference; fileEncoding = 4; lastKnownFileType = sourcecode.c.h; path = ares_getopt.h; sourceTree = "<group>"; };
		A42C8C3915E347DE00E15452 /* ares_getopt.o */ = {isa = PBXFileReference; lastKnownFileType = "compiled.mach-o.objfile"; path = ares_getopt.o; sourceTree = "<group>"; };
		A42C8C3A15E347DE00E15452 /* ares_getsock.c */ = {isa = PBXFileReference; fileEncoding = 4; lastKnownFileType = sourcecode.c.c; path = ares_getsock.c; sourceTree = "<group>"; };
		A42C8C3B15E347DE00E15452 /* ares_getsock.o */ = {isa = PBXFileReference; lastKnownFileType = "compiled.mach-o.objfile"; path = ares_getsock.o; sourceTree = "<group>"; };
		A42C8C3C15E347DE00E15452 /* ares_init.c */ = {isa = PBXFileReference; fileEncoding = 4; lastKnownFileType = sourcecode.c.c; path = ares_init.c; sourceTree = "<group>"; };
		A42C8C3D15E347DE00E15452 /* ares_init.o */ = {isa = PBXFileReference; lastKnownFileType = "compiled.mach-o.objfile"; path = ares_init.o; sourceTree = "<group>"; };
		A42C8C3E15E347DE00E15452 /* ares_iphlpapi.h */ = {isa = PBXFileReference; fileEncoding = 4; lastKnownFileType = sourcecode.c.h; path = ares_iphlpapi.h; sourceTree = "<group>"; };
		A42C8C3F15E347DE00E15452 /* ares_ipv6.h */ = {isa = PBXFileReference; fileEncoding = 4; lastKnownFileType = sourcecode.c.h; path = ares_ipv6.h; sourceTree = "<group>"; };
		A42C8C4015E347DE00E15452 /* ares_library_init.c */ = {isa = PBXFileReference; fileEncoding = 4; lastKnownFileType = sourcecode.c.c; path = ares_library_init.c; sourceTree = "<group>"; };
		A42C8C4115E347DE00E15452 /* ares_library_init.h */ = {isa = PBXFileReference; fileEncoding = 4; lastKnownFileType = sourcecode.c.h; path = ares_library_init.h; sourceTree = "<group>"; };
		A42C8C4215E347DE00E15452 /* ares_library_init.o */ = {isa = PBXFileReference; lastKnownFileType = "compiled.mach-o.objfile"; path = ares_library_init.o; sourceTree = "<group>"; };
		A42C8C4315E347DE00E15452 /* ares_llist.c */ = {isa = PBXFileReference; fileEncoding = 4; lastKnownFileType = sourcecode.c.c; path = ares_llist.c; sourceTree = "<group>"; };
		A42C8C4415E347DE00E15452 /* ares_llist.h */ = {isa = PBXFileReference; fileEncoding = 4; lastKnownFileType = sourcecode.c.h; path = ares_llist.h; sourceTree = "<group>"; };
		A42C8C4515E347DE00E15452 /* ares_llist.o */ = {isa = PBXFileReference; lastKnownFileType = "compiled.mach-o.objfile"; path = ares_llist.o; sourceTree = "<group>"; };
		A42C8C4615E347DE00E15452 /* ares_mkquery.c */ = {isa = PBXFileReference; fileEncoding = 4; lastKnownFileType = sourcecode.c.c; path = ares_mkquery.c; sourceTree = "<group>"; };
		A42C8C4715E347DE00E15452 /* ares_mkquery.o */ = {isa = PBXFileReference; lastKnownFileType = "compiled.mach-o.objfile"; path = ares_mkquery.o; sourceTree = "<group>"; };
		A42C8C4815E347DE00E15452 /* ares_nowarn.c */ = {isa = PBXFileReference; fileEncoding = 4; lastKnownFileType = sourcecode.c.c; path = ares_nowarn.c; sourceTree = "<group>"; };
		A42C8C4915E347DE00E15452 /* ares_nowarn.h */ = {isa = PBXFileReference; fileEncoding = 4; lastKnownFileType = sourcecode.c.h; path = ares_nowarn.h; sourceTree = "<group>"; };
		A42C8C4A15E347DE00E15452 /* ares_nowarn.o */ = {isa = PBXFileReference; lastKnownFileType = "compiled.mach-o.objfile"; path = ares_nowarn.o; sourceTree = "<group>"; };
		A42C8C4B15E347DE00E15452 /* ares_options.c */ = {isa = PBXFileReference; fileEncoding = 4; lastKnownFileType = sourcecode.c.c; path = ares_options.c; sourceTree = "<group>"; };
		A42C8C4C15E347DE00E15452 /* ares_options.o */ = {isa = PBXFileReference; lastKnownFileType = "compiled.mach-o.objfile"; path = ares_options.o; sourceTree = "<group>"; };
		A42C8C4D15E347DE00E15452 /* ares_parse_a_reply.c */ = {isa = PBXFileReference; fileEncoding = 4; lastKnownFileType = sourcecode.c.c; path = ares_parse_a_reply.c; sourceTree = "<group>"; };
		A42C8C4E15E347DE00E15452 /* ares_parse_a_reply.o */ = {isa = PBXFileReference; lastKnownFileType = "compiled.mach-o.objfile"; path = ares_parse_a_reply.o; sourceTree = "<group>"; };
		A42C8C4F15E347DE00E15452 /* ares_parse_aaaa_reply.c */ = {isa = PBXFileReference; fileEncoding = 4; lastKnownFileType = sourcecode.c.c; path = ares_parse_aaaa_reply.c; sourceTree = "<group>"; };
		A42C8C5015E347DE00E15452 /* ares_parse_aaaa_reply.o */ = {isa = PBXFileReference; lastKnownFileType = "compiled.mach-o.objfile"; path = ares_parse_aaaa_reply.o; sourceTree = "<group>"; };
		A42C8C5115E347DE00E15452 /* ares_parse_mx_reply.c */ = {isa = PBXFileReference; fileEncoding = 4; lastKnownFileType = sourcecode.c.c; path = ares_parse_mx_reply.c; sourceTree = "<group>"; };
		A42C8C5215E347DE00E15452 /* ares_parse_mx_reply.o */ = {isa = PBXFileReference; lastKnownFileType = "compiled.mach-o.objfile"; path = ares_parse_mx_reply.o; sourceTree = "<group>"; };
		A42C8C5315E347DE00E15452 /* ares_parse_ns_reply.c */ = {isa = PBXFileReference; fileEncoding = 4; lastKnownFileType = sourcecode.c.c; path = ares_parse_ns_reply.c; sourceTree = "<group>"; };
		A42C8C5415E347DE00E15452 /* ares_parse_ns_reply.o */ = {isa = PBXFileReference; lastKnownFileType = "compiled.mach-o.objfile"; path = ares_parse_ns_reply.o; sourceTree = "<group>"; };
		A42C8C5515E347DE00E15452 /* ares_parse_ptr_reply.c */ = {isa = PBXFileReference; fileEncoding = 4; lastKnownFileType = sourcecode.c.c; path = ares_parse_ptr_reply.c; sourceTree = "<group>"; };
		A42C8C5615E347DE00E15452 /* ares_parse_ptr_reply.o */ = {isa = PBXFileReference; lastKnownFileType = "compiled.mach-o.objfile"; path = ares_parse_ptr_reply.o; sourceTree = "<group>"; };
		A42C8C5715E347DE00E15452 /* ares_parse_srv_reply.c */ = {isa = PBXFileReference; fileEncoding = 4; lastKnownFileType = sourcecode.c.c; path = ares_parse_srv_reply.c; sourceTree = "<group>"; };
		A42C8C5815E347DE00E15452 /* ares_parse_srv_reply.o */ = {isa = PBXFileReference; lastKnownFileType = "compiled.mach-o.objfile"; path = ares_parse_srv_reply.o; sourceTree = "<group>"; };
		A42C8C5915E347DE00E15452 /* ares_parse_txt_reply.c */ = {isa = PBXFileReference; fileEncoding = 4; lastKnownFileType = sourcecode.c.c; path = ares_parse_txt_reply.c; sourceTree = "<group>"; };
		A42C8C5A15E347DE00E15452 /* ares_parse_txt_reply.o */ = {isa = PBXFileReference; lastKnownFileType = "compiled.mach-o.objfile"; path = ares_parse_txt_reply.o; sourceTree = "<group>"; };
		A42C8C5B15E347DE00E15452 /* ares_platform.c */ = {isa = PBXFileReference; fileEncoding = 4; lastKnownFileType = sourcecode.c.c; path = ares_platform.c; sourceTree = "<group>"; };
		A42C8C5C15E347DE00E15452 /* ares_platform.h */ = {isa = PBXFileReference; fileEncoding = 4; lastKnownFileType = sourcecode.c.h; path = ares_platform.h; sourceTree = "<group>"; };
		A42C8C5D15E347DE00E15452 /* ares_private.h */ = {isa = PBXFileReference; fileEncoding = 4; lastKnownFileType = sourcecode.c.h; path = ares_private.h; sourceTree = "<group>"; };
		A42C8C5E15E347DE00E15452 /* ares_process.c */ = {isa = PBXFileReference; fileEncoding = 4; lastKnownFileType = sourcecode.c.c; path = ares_process.c; sourceTree = "<group>"; };
		A42C8C5F15E347DE00E15452 /* ares_process.o */ = {isa = PBXFileReference; lastKnownFileType = "compiled.mach-o.objfile"; path = ares_process.o; sourceTree = "<group>"; };
		A42C8C6015E347DE00E15452 /* ares_query.c */ = {isa = PBXFileReference; fileEncoding = 4; lastKnownFileType = sourcecode.c.c; path = ares_query.c; sourceTree = "<group>"; };
		A42C8C6115E347DE00E15452 /* ares_query.o */ = {isa = PBXFileReference; lastKnownFileType = "compiled.mach-o.objfile"; path = ares_query.o; sourceTree = "<group>"; };
		A42C8C6215E347DE00E15452 /* ares_rules.h */ = {isa = PBXFileReference; fileEncoding = 4; lastKnownFileType = sourcecode.c.h; path = ares_rules.h; sourceTree = "<group>"; };
		A42C8C6315E347DE00E15452 /* ares_search.c */ = {isa = PBXFileReference; fileEncoding = 4; lastKnownFileType = sourcecode.c.c; path = ares_search.c; sourceTree = "<group>"; };
		A42C8C6415E347DE00E15452 /* ares_search.o */ = {isa = PBXFileReference; lastKnownFileType = "compiled.mach-o.objfile"; path = ares_search.o; sourceTree = "<group>"; };
		A42C8C6515E347DE00E15452 /* ares_send.c */ = {isa = PBXFileReference; fileEncoding = 4; lastKnownFileType = sourcecode.c.c; path = ares_send.c; sourceTree = "<group>"; };
		A42C8C6615E347DE00E15452 /* ares_send.o */ = {isa = PBXFileReference; lastKnownFileType = "compiled.mach-o.objfile"; path = ares_send.o; sourceTree = "<group>"; };
		A42C8C6715E347DE00E15452 /* ares_setup.h */ = {isa = PBXFileReference; fileEncoding = 4; lastKnownFileType = sourcecode.c.h; path = ares_setup.h; sourceTree = "<group>"; };
		A42C8C6815E347DE00E15452 /* ares_strcasecmp.c */ = {isa = PBXFileReference; fileEncoding = 4; lastKnownFileType = sourcecode.c.c; path = ares_strcasecmp.c; sourceTree = "<group>"; };
		A42C8C6915E347DE00E15452 /* ares_strcasecmp.h */ = {isa = PBXFileReference; fileEncoding = 4; lastKnownFileType = sourcecode.c.h; path = ares_strcasecmp.h; sourceTree = "<group>"; };
		A42C8C6A15E347DE00E15452 /* ares_strcasecmp.o */ = {isa = PBXFileReference; lastKnownFileType = "compiled.mach-o.objfile"; path = ares_strcasecmp.o; sourceTree = "<group>"; };
		A42C8C6B15E347DE00E15452 /* ares_strdup.c */ = {isa = PBXFileReference; fileEncoding = 4; lastKnownFileType = sourcecode.c.c; path = ares_strdup.c; sourceTree = "<group>"; };
		A42C8C6C15E347DE00E15452 /* ares_strdup.h */ = {isa = PBXFileReference; fileEncoding = 4; lastKnownFileType = sourcecode.c.h; path = ares_strdup.h; sourceTree = "<group>"; };
		A42C8C6D15E347DE00E15452 /* ares_strdup.o */ = {isa = PBXFileReference; lastKnownFileType = "compiled.mach-o.objfile"; path = ares_strdup.o; sourceTree = "<group>"; };
		A42C8C6E15E347DE00E15452 /* ares_strerror.c */ = {isa = PBXFileReference; fileEncoding = 4; lastKnownFileType = sourcecode.c.c; path = ares_strerror.c; sourceTree = "<group>"; };
		A42C8C6F15E347DE00E15452 /* ares_strerror.o */ = {isa = PBXFileReference; lastKnownFileType = "compiled.mach-o.objfile"; path = ares_strerror.o; sourceTree = "<group>"; };
		A42C8C7015E347DE00E15452 /* ares_timeout.c */ = {isa = PBXFileReference; fileEncoding = 4; lastKnownFileType = sourcecode.c.c; path = ares_timeout.c; sourceTree = "<group>"; };
		A42C8C7115E347DE00E15452 /* ares_timeout.o */ = {isa = PBXFileReference; lastKnownFileType = "compiled.mach-o.objfile"; path = ares_timeout.o; sourceTree = "<group>"; };
		A42C8C7215E347DE00E15452 /* ares_version.c */ = {isa = PBXFileReference; fileEncoding = 4; lastKnownFileType = sourcecode.c.c; path = ares_version.c; sourceTree = "<group>"; };
		A42C8C7315E347DE00E15452 /* ares_version.o */ = {isa = PBXFileReference; lastKnownFileType = "compiled.mach-o.objfile"; path = ares_version.o; sourceTree = "<group>"; };
		A42C8C7415E347DE00E15452 /* ares_writev.c */ = {isa = PBXFileReference; fileEncoding = 4; lastKnownFileType = sourcecode.c.c; path = ares_writev.c; sourceTree = "<group>"; };
		A42C8C7515E347DE00E15452 /* ares_writev.h */ = {isa = PBXFileReference; fileEncoding = 4; lastKnownFileType = sourcecode.c.h; path = ares_writev.h; sourceTree = "<group>"; };
		A42C8C7615E347DE00E15452 /* ares_writev.o */ = {isa = PBXFileReference; lastKnownFileType = "compiled.mach-o.objfile"; path = ares_writev.o; sourceTree = "<group>"; };
		A42C8C7715E347DE00E15452 /* AUTHORS */ = {isa = PBXFileReference; fileEncoding = 4; lastKnownFileType = text; path = AUTHORS; sourceTree = "<group>"; };
		A42C8C7815E347DE00E15452 /* bitncmp.c */ = {isa = PBXFileReference; fileEncoding = 4; lastKnownFileType = sourcecode.c.c; path = bitncmp.c; sourceTree = "<group>"; };
		A42C8C7915E347DE00E15452 /* bitncmp.h */ = {isa = PBXFileReference; fileEncoding = 4; lastKnownFileType = sourcecode.c.h; path = bitncmp.h; sourceTree = "<group>"; };
		A42C8C7A15E347DE00E15452 /* bitncmp.o */ = {isa = PBXFileReference; lastKnownFileType = "compiled.mach-o.objfile"; path = bitncmp.o; sourceTree = "<group>"; };
		A42C8C7B15E347DE00E15452 /* CHANGES */ = {isa = PBXFileReference; fileEncoding = 4; lastKnownFileType = text; path = CHANGES; sourceTree = "<group>"; };
		A42C8C7C15E347DE00E15452 /* CMakeLists.txt */ = {isa = PBXFileReference; fileEncoding = 4; lastKnownFileType = text; path = CMakeLists.txt; sourceTree = "<group>"; };
		A42C8C7E15E347DE00E15452 /* ares_config.h */ = {isa = PBXFileReference; fileEncoding = 4; lastKnownFileType = sourcecode.c.h; path = ares_config.h; sourceTree = "<group>"; };
		A42C8C8015E347DE00E15452 /* ares_config.h */ = {isa = PBXFileReference; fileEncoding = 4; lastKnownFileType = sourcecode.c.h; path = ares_config.h; sourceTree = "<group>"; };
		A42C8C8215E347DE00E15452 /* ares_config.h */ = {isa = PBXFileReference; fileEncoding = 4; lastKnownFileType = sourcecode.c.h; path = ares_config.h; sourceTree = "<group>"; };
		A42C8C8415E347DE00E15452 /* ares_config.h */ = {isa = PBXFileReference; fileEncoding = 4; lastKnownFileType = sourcecode.c.h; path = ares_config.h; sourceTree = "<group>"; };
		A42C8C8615E347DE00E15452 /* ares_config.h */ = {isa = PBXFileReference; fileEncoding = 4; lastKnownFileType = sourcecode.c.h; path = ares_config.h; sourceTree = "<group>"; };
		A42C8C8815E347DE00E15452 /* ares_config.h */ = {isa = PBXFileReference; fileEncoding = 4; lastKnownFileType = sourcecode.c.h; path = ares_config.h; sourceTree = "<group>"; };
		A42C8C8A15E347DE00E15452 /* ares_config.h */ = {isa = PBXFileReference; fileEncoding = 4; lastKnownFileType = sourcecode.c.h; path = ares_config.h; sourceTree = "<group>"; };
		A42C8C8C15E347DE00E15452 /* ares_config.h */ = {isa = PBXFileReference; fileEncoding = 4; lastKnownFileType = sourcecode.c.h; path = ares_config.h; sourceTree = "<group>"; };
		A42C8C8D15E347DE00E15452 /* get_ver.awk */ = {isa = PBXFileReference; fileEncoding = 4; lastKnownFileType = text; path = get_ver.awk; sourceTree = "<group>"; };
		A42C8C8E15E347DE00E15452 /* inet_net_pton.c */ = {isa = PBXFileReference; fileEncoding = 4; lastKnownFileType = sourcecode.c.c; path = inet_net_pton.c; sourceTree = "<group>"; };
		A42C8C8F15E347DE00E15452 /* inet_net_pton.h */ = {isa = PBXFileReference; fileEncoding = 4; lastKnownFileType = sourcecode.c.h; path = inet_net_pton.h; sourceTree = "<group>"; };
		A42C8C9015E347DE00E15452 /* inet_net_pton.o */ = {isa = PBXFileReference; lastKnownFileType = "compiled.mach-o.objfile"; path = inet_net_pton.o; sourceTree = "<group>"; };
		A42C8C9115E347DE00E15452 /* inet_ntop.c */ = {isa = PBXFileReference; fileEncoding = 4; lastKnownFileType = sourcecode.c.c; path = inet_ntop.c; sourceTree = "<group>"; };
		A42C8C9215E347DE00E15452 /* inet_ntop.h */ = {isa = PBXFileReference; fileEncoding = 4; lastKnownFileType = sourcecode.c.h; path = inet_ntop.h; sourceTree = "<group>"; };
		A42C8C9315E347DE00E15452 /* inet_ntop.o */ = {isa = PBXFileReference; lastKnownFileType = "compiled.mach-o.objfile"; path = inet_ntop.o; sourceTree = "<group>"; };
		A42C8C9415E347DE00E15452 /* nameser.h */ = {isa = PBXFileReference; fileEncoding = 4; lastKnownFileType = sourcecode.c.h; path = nameser.h; sourceTree = "<group>"; };
		A42C8C9515E347DE00E15452 /* NEWS */ = {isa = PBXFileReference; fileEncoding = 4; lastKnownFileType = text; path = NEWS; sourceTree = "<group>"; };
		A42C8C9615E347DE00E15452 /* README */ = {isa = PBXFileReference; fileEncoding = 4; lastKnownFileType = text; path = README; sourceTree = "<group>"; };
		A42C8C9715E347DE00E15452 /* README.cares */ = {isa = PBXFileReference; fileEncoding = 4; lastKnownFileType = text; path = README.cares; sourceTree = "<group>"; };
		A42C8C9815E347DE00E15452 /* README.msvc */ = {isa = PBXFileReference; fileEncoding = 4; lastKnownFileType = text; path = README.msvc; sourceTree = "<group>"; };
		A42C8C9915E347DE00E15452 /* README.node */ = {isa = PBXFileReference; fileEncoding = 4; lastKnownFileType = text; path = README.node; sourceTree = "<group>"; };
		A42C8C9A15E347DE00E15452 /* RELEASE-NOTES */ = {isa = PBXFileReference; fileEncoding = 4; lastKnownFileType = text; path = "RELEASE-NOTES"; sourceTree = "<group>"; };
		A42C8C9B15E347DE00E15452 /* setup_once.h */ = {isa = PBXFileReference; fileEncoding = 4; lastKnownFileType = sourcecode.c.h; path = setup_once.h; sourceTree = "<group>"; };
		A42C8C9C15E347DE00E15452 /* TODO */ = {isa = PBXFileReference; fileEncoding = 4; lastKnownFileType = text; path = TODO; sourceTree = "<group>"; };
		A42C8C9D15E347DE00E15452 /* windows_port.c */ = {isa = PBXFileReference; fileEncoding = 4; lastKnownFileType = sourcecode.c.c; path = windows_port.c; sourceTree = "<group>"; };
		A42C8C9E15E347DE00E15452 /* cares.c */ = {isa = PBXFileReference; fileEncoding = 4; lastKnownFileType = sourcecode.c.c; path = cares.c; sourceTree = "<group>"; };
		A42C8C9F15E347DE00E15452 /* cares.o */ = {isa = PBXFileReference; lastKnownFileType = "compiled.mach-o.objfile"; path = cares.o; sourceTree = "<group>"; };
		A42C8CA015E347DE00E15452 /* fs-poll.c */ = {isa = PBXFileReference; fileEncoding = 4; lastKnownFileType = sourcecode.c.c; path = "fs-poll.c"; sourceTree = "<group>"; };
		A42C8CA115E347DE00E15452 /* fs-poll.o */ = {isa = PBXFileReference; lastKnownFileType = "compiled.mach-o.objfile"; path = "fs-poll.o"; sourceTree = "<group>"; };
		A42C8CA315E347DE00E15452 /* async.c */ = {isa = PBXFileReference; fileEncoding = 4; lastKnownFileType = sourcecode.c.c; path = async.c; sourceTree = "<group>"; };
		A42C8CA415E347DE00E15452 /* async.o */ = {isa = PBXFileReference; lastKnownFileType = "compiled.mach-o.objfile"; path = async.o; sourceTree = "<group>"; };
		A42C8CA515E347DE00E15452 /* core.c */ = {isa = PBXFileReference; fileEncoding = 4; lastKnownFileType = sourcecode.c.c; path = core.c; sourceTree = "<group>"; };
		A42C8CA615E347DE00E15452 /* core.o */ = {isa = PBXFileReference; lastKnownFileType = "compiled.mach-o.objfile"; path = core.o; sourceTree = "<group>"; };
		A42C8CA715E347DE00E15452 /* cygwin.c */ = {isa = PBXFileReference; fileEncoding = 4; lastKnownFileType = sourcecode.c.c; path = cygwin.c; sourceTree = "<group>"; };
		A42C8CA815E347DE00E15452 /* darwin.c */ = {isa = PBXFileReference; fileEncoding = 4; lastKnownFileType = sourcecode.c.c; path = darwin.c; sourceTree = "<group>"; };
		A42C8CA915E347DE00E15452 /* darwin.o */ = {isa = PBXFileReference; lastKnownFileType = "compiled.mach-o.objfile"; path = darwin.o; sourceTree = "<group>"; };
		A42C8CAA15E347DE00E15452 /* dl.c */ = {isa = PBXFileReference; fileEncoding = 4; lastKnownFileType = sourcecode.c.c; path = dl.c; sourceTree = "<group>"; };
		A42C8CAB15E347DE00E15452 /* dl.o */ = {isa = PBXFileReference; lastKnownFileType = "compiled.mach-o.objfile"; path = dl.o; sourceTree = "<group>"; };
		A42C8CAD15E347DE00E15452 /* aclocal.m4 */ = {isa = PBXFileReference; fileEncoding = 4; lastKnownFileType = text; path = aclocal.m4; sourceTree = "<group>"; };
		A42C8CAE15E347DE00E15452 /* autogen.sh */ = {isa = PBXFileReference; fileEncoding = 4; lastKnownFileType = text.script.sh; path = autogen.sh; sourceTree = "<group>"; };
		A42C8CAF15E347DE00E15452 /* Changes */ = {isa = PBXFileReference; fileEncoding = 4; lastKnownFileType = text; path = Changes; sourceTree = "<group>"; };
		A42C8CB015E347DE00E15452 /* config.h.in */ = {isa = PBXFileReference; fileEncoding = 4; lastKnownFileType = text; path = config.h.in; sourceTree = "<group>"; };
		A42C8CB115E347DE00E15452 /* config_cygwin.h */ = {isa = PBXFileReference; fileEncoding = 4; lastKnownFileType = sourcecode.c.h; path = config_cygwin.h; sourceTree = "<group>"; };
		A42C8CB215E347DE00E15452 /* config_darwin.h */ = {isa = PBXFileReference; fileEncoding = 4; lastKnownFileType = sourcecode.c.h; path = config_darwin.h; sourceTree = "<group>"; };
		A42C8CB315E347DE00E15452 /* config_freebsd.h */ = {isa = PBXFileReference; fileEncoding = 4; lastKnownFileType = sourcecode.c.h; path = config_freebsd.h; sourceTree = "<group>"; };
		A42C8CB415E347DE00E15452 /* config_linux.h */ = {isa = PBXFileReference; fileEncoding = 4; lastKnownFileType = sourcecode.c.h; path = config_linux.h; sourceTree = "<group>"; };
		A42C8CB515E347DE00E15452 /* config_netbsd.h */ = {isa = PBXFileReference; fileEncoding = 4; lastKnownFileType = sourcecode.c.h; path = config_netbsd.h; sourceTree = "<group>"; };
		A42C8CB615E347DE00E15452 /* config_openbsd.h */ = {isa = PBXFileReference; fileEncoding = 4; lastKnownFileType = sourcecode.c.h; path = config_openbsd.h; sourceTree = "<group>"; };
		A42C8CB715E347DE00E15452 /* config_sunos.h */ = {isa = PBXFileReference; fileEncoding = 4; lastKnownFileType = sourcecode.c.h; path = config_sunos.h; sourceTree = "<group>"; };
		A42C8CB815E347DE00E15452 /* configure.ac */ = {isa = PBXFileReference; fileEncoding = 4; lastKnownFileType = text; path = configure.ac; sourceTree = "<group>"; };
		A42C8CB915E347DE00E15452 /* demo.c */ = {isa = PBXFileReference; fileEncoding = 4; lastKnownFileType = sourcecode.c.c; path = demo.c; sourceTree = "<group>"; };
		A42C8CBA15E347DE00E15452 /* ecb.h */ = {isa = PBXFileReference; fileEncoding = 4; lastKnownFileType = sourcecode.c.h; path = ecb.h; sourceTree = "<group>"; };
		A42C8CBB15E347DE00E15452 /* eio.3 */ = {isa = PBXFileReference; fileEncoding = 4; lastKnownFileType = text; path = eio.3; sourceTree = "<group>"; };
		A42C8CBC15E347DE00E15452 /* eio.c */ = {isa = PBXFileReference; fileEncoding = 4; lastKnownFileType = sourcecode.c.c; path = eio.c; sourceTree = "<group>"; };
		A42C8CBD15E347DE00E15452 /* eio.o */ = {isa = PBXFileReference; lastKnownFileType = "compiled.mach-o.objfile"; path = eio.o; sourceTree = "<group>"; };
		A42C8CBE15E347DE00E15452 /* eio.pod */ = {isa = PBXFileReference; fileEncoding = 4; lastKnownFileType = text; path = eio.pod; sourceTree = "<group>"; };
		A42C8CBF15E347DE00E15452 /* libeio.m4 */ = {isa = PBXFileReference; fileEncoding = 4; lastKnownFileType = text; path = libeio.m4; sourceTree = "<group>"; };
		A42C8CC015E347DE00E15452 /* LICENSE */ = {isa = PBXFileReference; fileEncoding = 4; lastKnownFileType = text; path = LICENSE; sourceTree = "<group>"; };
		A42C8CC115E347DE00E15452 /* Makefile.am */ = {isa = PBXFileReference; fileEncoding = 4; lastKnownFileType = text; path = Makefile.am; sourceTree = "<group>"; };
		A42C8CC215E347DE00E15452 /* xthread.h */ = {isa = PBXFileReference; fileEncoding = 4; lastKnownFileType = sourcecode.c.h; path = xthread.h; sourceTree = "<group>"; };
		A42C8CC315E347DE00E15452 /* error.c */ = {isa = PBXFileReference; fileEncoding = 4; lastKnownFileType = sourcecode.c.c; path = error.c; sourceTree = "<group>"; };
		A42C8CC415E347DE00E15452 /* error.o */ = {isa = PBXFileReference; lastKnownFileType = "compiled.mach-o.objfile"; path = error.o; sourceTree = "<group>"; };
		A42C8CC615E347DE00E15452 /* aclocal.m4 */ = {isa = PBXFileReference; fileEncoding = 4; lastKnownFileType = text; path = aclocal.m4; sourceTree = "<group>"; };
		A42C8CC715E347DE00E15452 /* autogen.sh */ = {isa = PBXFileReference; fileEncoding = 4; lastKnownFileType = text.script.sh; path = autogen.sh; sourceTree = "<group>"; };
		A42C8CC815E347DE00E15452 /* Changes */ = {isa = PBXFileReference; fileEncoding = 4; lastKnownFileType = text; path = Changes; sourceTree = "<group>"; };
		A42C8CC915E347DE00E15452 /* config.guess */ = {isa = PBXFileReference; fileEncoding = 4; lastKnownFileType = text.script.sh; path = config.guess; sourceTree = "<group>"; };
		A42C8CCA15E347DE00E15452 /* config.h.in */ = {isa = PBXFileReference; fileEncoding = 4; lastKnownFileType = text; path = config.h.in; sourceTree = "<group>"; };
		A42C8CCB15E347DE00E15452 /* config.sub */ = {isa = PBXFileReference; fileEncoding = 4; lastKnownFileType = text.script.sh; path = config.sub; sourceTree = "<group>"; };
		A42C8CCC15E347DE00E15452 /* config_cygwin.h */ = {isa = PBXFileReference; fileEncoding = 4; lastKnownFileType = sourcecode.c.h; path = config_cygwin.h; sourceTree = "<group>"; };
		A42C8CCD15E347DE00E15452 /* config_darwin.h */ = {isa = PBXFileReference; fileEncoding = 4; lastKnownFileType = sourcecode.c.h; path = config_darwin.h; sourceTree = "<group>"; };
		A42C8CCE15E347DE00E15452 /* config_freebsd.h */ = {isa = PBXFileReference; fileEncoding = 4; lastKnownFileType = sourcecode.c.h; path = config_freebsd.h; sourceTree = "<group>"; };
		A42C8CCF15E347DE00E15452 /* config_linux.h */ = {isa = PBXFileReference; fileEncoding = 4; lastKnownFileType = sourcecode.c.h; path = config_linux.h; sourceTree = "<group>"; };
		A42C8CD015E347DE00E15452 /* config_netbsd.h */ = {isa = PBXFileReference; fileEncoding = 4; lastKnownFileType = sourcecode.c.h; path = config_netbsd.h; sourceTree = "<group>"; };
		A42C8CD115E347DE00E15452 /* config_openbsd.h */ = {isa = PBXFileReference; fileEncoding = 4; lastKnownFileType = sourcecode.c.h; path = config_openbsd.h; sourceTree = "<group>"; };
		A42C8CD215E347DE00E15452 /* config_sunos.h */ = {isa = PBXFileReference; fileEncoding = 4; lastKnownFileType = sourcecode.c.h; path = config_sunos.h; sourceTree = "<group>"; };
		A42C8CD315E347DE00E15452 /* configure */ = {isa = PBXFileReference; fileEncoding = 4; lastKnownFileType = text.script.sh; path = configure; sourceTree = "<group>"; };
		A42C8CD415E347DE00E15452 /* configure.ac */ = {isa = PBXFileReference; fileEncoding = 4; lastKnownFileType = text; path = configure.ac; sourceTree = "<group>"; };
		A42C8CD515E347DE00E15452 /* depcomp */ = {isa = PBXFileReference; fileEncoding = 4; lastKnownFileType = text.script.sh; path = depcomp; sourceTree = "<group>"; };
		A42C8CD615E347DE00E15452 /* ev++.h */ = {isa = PBXFileReference; fileEncoding = 4; lastKnownFileType = sourcecode.c.h; path = "ev++.h"; sourceTree = "<group>"; };
		A42C8CD715E347DE00E15452 /* ev.3 */ = {isa = PBXFileReference; fileEncoding = 4; lastKnownFileType = text; path = ev.3; sourceTree = "<group>"; };
		A42C8CD815E347DE00E15452 /* ev.c */ = {isa = PBXFileReference; fileEncoding = 4; lastKnownFileType = sourcecode.c.c; path = ev.c; sourceTree = "<group>"; };
		A42C8CD915E347DE00E15452 /* ev.o */ = {isa = PBXFileReference; lastKnownFileType = "compiled.mach-o.objfile"; path = ev.o; sourceTree = "<group>"; };
		A42C8CDA15E347DE00E15452 /* ev.pod */ = {isa = PBXFileReference; fileEncoding = 4; lastKnownFileType = text; path = ev.pod; sourceTree = "<group>"; };
		A42C8CDB15E347DE00E15452 /* ev_epoll.c */ = {isa = PBXFileReference; fileEncoding = 4; lastKnownFileType = sourcecode.c.c; path = ev_epoll.c; sourceTree = "<group>"; };
		A42C8CDC15E347DE00E15452 /* ev_kqueue.c */ = {isa = PBXFileReference; fileEncoding = 4; lastKnownFileType = sourcecode.c.c; path = ev_kqueue.c; sourceTree = "<group>"; };
		A42C8CDD15E347DE00E15452 /* ev_poll.c */ = {isa = PBXFileReference; fileEncoding = 4; lastKnownFileType = sourcecode.c.c; path = ev_poll.c; sourceTree = "<group>"; };
		A42C8CDE15E347DE00E15452 /* ev_port.c */ = {isa = PBXFileReference; fileEncoding = 4; lastKnownFileType = sourcecode.c.c; path = ev_port.c; sourceTree = "<group>"; };
		A42C8CDF15E347DE00E15452 /* ev_select.c */ = {isa = PBXFileReference; fileEncoding = 4; lastKnownFileType = sourcecode.c.c; path = ev_select.c; sourceTree = "<group>"; };
		A42C8CE015E347DE00E15452 /* ev_vars.h */ = {isa = PBXFileReference; fileEncoding = 4; lastKnownFileType = sourcecode.c.h; path = ev_vars.h; sourceTree = "<group>"; };
		A42C8CE115E347DE00E15452 /* ev_win32.c */ = {isa = PBXFileReference; fileEncoding = 4; lastKnownFileType = sourcecode.c.c; path = ev_win32.c; sourceTree = "<group>"; };
		A42C8CE215E347DE00E15452 /* ev_wrap.h */ = {isa = PBXFileReference; fileEncoding = 4; lastKnownFileType = sourcecode.c.h; path = ev_wrap.h; sourceTree = "<group>"; };
		A42C8CE315E347DE00E15452 /* event.c */ = {isa = PBXFileReference; fileEncoding = 4; lastKnownFileType = sourcecode.c.c; path = event.c; sourceTree = "<group>"; };
		A42C8CE415E347DE00E15452 /* event.h */ = {isa = PBXFileReference; fileEncoding = 4; lastKnownFileType = sourcecode.c.h; path = event.h; sourceTree = "<group>"; };
		A42C8CE515E347DE00E15452 /* install-sh */ = {isa = PBXFileReference; fileEncoding = 4; lastKnownFileType = text.script.sh; path = "install-sh"; sourceTree = "<group>"; };
		A42C8CE615E347DE00E15452 /* libev.m4 */ = {isa = PBXFileReference; fileEncoding = 4; lastKnownFileType = text; path = libev.m4; sourceTree = "<group>"; };
		A42C8CE715E347DE00E15452 /* LICENSE */ = {isa = PBXFileReference; fileEncoding = 4; lastKnownFileType = text; path = LICENSE; sourceTree = "<group>"; };
		A42C8CE815E347DE00E15452 /* ltmain.sh */ = {isa = PBXFileReference; fileEncoding = 4; lastKnownFileType = text.script.sh; path = ltmain.sh; sourceTree = "<group>"; };
		A42C8CE915E347DE00E15452 /* Makefile.am */ = {isa = PBXFileReference; fileEncoding = 4; lastKnownFileType = text; path = Makefile.am; sourceTree = "<group>"; };
		A42C8CEA15E347DE00E15452 /* Makefile.in */ = {isa = PBXFileReference; fileEncoding = 4; lastKnownFileType = text; path = Makefile.in; sourceTree = "<group>"; };
		A42C8CEB15E347DE00E15452 /* missing */ = {isa = PBXFileReference; fileEncoding = 4; lastKnownFileType = text.script.sh; path = missing; sourceTree = "<group>"; };
		A42C8CEC15E347DE00E15452 /* mkinstalldirs */ = {isa = PBXFileReference; fileEncoding = 4; lastKnownFileType = text.script.sh; path = mkinstalldirs; sourceTree = "<group>"; };
		A42C8CED15E347DE00E15452 /* README */ = {isa = PBXFileReference; fileEncoding = 4; lastKnownFileType = text; path = README; sourceTree = "<group>"; };
		A42C8CEE15E347DE00E15452 /* freebsd.c */ = {isa = PBXFileReference; fileEncoding = 4; lastKnownFileType = sourcecode.c.c; path = freebsd.c; sourceTree = "<group>"; };
		A42C8CEF15E347DE00E15452 /* fs.c */ = {isa = PBXFileReference; fileEncoding = 4; lastKnownFileType = sourcecode.c.c; path = fs.c; sourceTree = "<group>"; };
		A42C8CF015E347DE00E15452 /* fs.o */ = {isa = PBXFileReference; lastKnownFileType = "compiled.mach-o.objfile"; path = fs.o; sourceTree = "<group>"; };
		A42C8CF115E347DE00E15452 /* internal.h */ = {isa = PBXFileReference; fileEncoding = 4; lastKnownFileType = sourcecode.c.h; path = internal.h; sourceTree = "<group>"; };
		A42C8CF215E347DE00E15452 /* kqueue.c */ = {isa = PBXFileReference; fileEncoding = 4; lastKnownFileType = sourcecode.c.c; path = kqueue.c; sourceTree = "<group>"; };
		A42C8CF315E347DE00E15452 /* kqueue.o */ = {isa = PBXFileReference; lastKnownFileType = "compiled.mach-o.objfile"; path = kqueue.o; sourceTree = "<group>"; };
		A42C8CF515E347DE00E15452 /* inotify.c */ = {isa = PBXFileReference; fileEncoding = 4; lastKnownFileType = sourcecode.c.c; path = inotify.c; sourceTree = "<group>"; };
		A42C8CF615E347DE00E15452 /* linux-core.c */ = {isa = PBXFileReference; fileEncoding = 4; lastKnownFileType = sourcecode.c.c; path = "linux-core.c"; sourceTree = "<group>"; };
		A42C8CF715E347DE00E15452 /* syscalls.c */ = {isa = PBXFileReference; fileEncoding = 4; lastKnownFileType = sourcecode.c.c; path = syscalls.c; sourceTree = "<group>"; };
		A42C8CF815E347DE00E15452 /* syscalls.h */ = {isa = PBXFileReference; fileEncoding = 4; lastKnownFileType = sourcecode.c.h; path = syscalls.h; sourceTree = "<group>"; };
		A42C8CF915E347DE00E15452 /* loop-watcher.c */ = {isa = PBXFileReference; fileEncoding = 4; lastKnownFileType = sourcecode.c.c; path = "loop-watcher.c"; sourceTree = "<group>"; };
		A42C8CFA15E347DE00E15452 /* loop-watcher.o */ = {isa = PBXFileReference; lastKnownFileType = "compiled.mach-o.objfile"; path = "loop-watcher.o"; sourceTree = "<group>"; };
		A42C8CFB15E347DE00E15452 /* loop.c */ = {isa = PBXFileReference; fileEncoding = 4; lastKnownFileType = sourcecode.c.c; path = loop.c; sourceTree = "<group>"; };
		A42C8CFC15E347DE00E15452 /* loop.o */ = {isa = PBXFileReference; lastKnownFileType = "compiled.mach-o.objfile"; path = loop.o; sourceTree = "<group>"; };
		A42C8CFD15E347DE00E15452 /* netbsd.c */ = {isa = PBXFileReference; fileEncoding = 4; lastKnownFileType = sourcecode.c.c; path = netbsd.c; sourceTree = "<group>"; };
		A42C8CFE15E347DE00E15452 /* openbsd.c */ = {isa = PBXFileReference; fileEncoding = 4; lastKnownFileType = sourcecode.c.c; path = openbsd.c; sourceTree = "<group>"; };
		A42C8CFF15E347DE00E15452 /* pipe.c */ = {isa = PBXFileReference; fileEncoding = 4; lastKnownFileType = sourcecode.c.c; path = pipe.c; sourceTree = "<group>"; };
		A42C8D0015E347DE00E15452 /* pipe.o */ = {isa = PBXFileReference; lastKnownFileType = "compiled.mach-o.objfile"; path = pipe.o; sourceTree = "<group>"; };
		A42C8D0115E347DE00E15452 /* poll.c */ = {isa = PBXFileReference; fileEncoding = 4; lastKnownFileType = sourcecode.c.c; path = poll.c; sourceTree = "<group>"; };
		A42C8D0215E347DE00E15452 /* poll.o */ = {isa = PBXFileReference; lastKnownFileType = "compiled.mach-o.objfile"; path = poll.o; sourceTree = "<group>"; };
		A42C8D0315E347DE00E15452 /* process.c */ = {isa = PBXFileReference; fileEncoding = 4; lastKnownFileType = sourcecode.c.c; path = process.c; sourceTree = "<group>"; };
		A42C8D0415E347DE00E15452 /* process.o */ = {isa = PBXFileReference; lastKnownFileType = "compiled.mach-o.objfile"; path = process.o; sourceTree = "<group>"; };
		A42C8D0515E347DE00E15452 /* stream.c */ = {isa = PBXFileReference; fileEncoding = 4; lastKnownFileType = sourcecode.c.c; path = stream.c; sourceTree = "<group>"; };
		A42C8D0615E347DE00E15452 /* stream.o */ = {isa = PBXFileReference; lastKnownFileType = "compiled.mach-o.objfile"; path = stream.o; sourceTree = "<group>"; };
		A42C8D0715E347DE00E15452 /* sunos.c */ = {isa = PBXFileReference; fileEncoding = 4; lastKnownFileType = sourcecode.c.c; path = sunos.c; sourceTree = "<group>"; };
		A42C8D0815E347DE00E15452 /* tcp.c */ = {isa = PBXFileReference; fileEncoding = 4; lastKnownFileType = sourcecode.c.c; path = tcp.c; sourceTree = "<group>"; };
		A42C8D0915E347DE00E15452 /* tcp.o */ = {isa = PBXFileReference; lastKnownFileType = "compiled.mach-o.objfile"; path = tcp.o; sourceTree = "<group>"; };
		A42C8D0A15E347DE00E15452 /* thread.c */ = {isa = PBXFileReference; fileEncoding = 4; lastKnownFileType = sourcecode.c.c; path = thread.c; sourceTree = "<group>"; };
		A42C8D0B15E347DE00E15452 /* thread.o */ = {isa = PBXFileReference; lastKnownFileType = "compiled.mach-o.objfile"; path = thread.o; sourceTree = "<group>"; };
		A42C8D0C15E347DE00E15452 /* timer.c */ = {isa = PBXFileReference; fileEncoding = 4; lastKnownFileType = sourcecode.c.c; path = timer.c; sourceTree = "<group>"; };
		A42C8D0D15E347DE00E15452 /* timer.o */ = {isa = PBXFileReference; lastKnownFileType = "compiled.mach-o.objfile"; path = timer.o; sourceTree = "<group>"; };
		A42C8D0E15E347DE00E15452 /* tty.c */ = {isa = PBXFileReference; fileEncoding = 4; lastKnownFileType = sourcecode.c.c; path = tty.c; sourceTree = "<group>"; };
		A42C8D0F15E347DE00E15452 /* tty.o */ = {isa = PBXFileReference; lastKnownFileType = "compiled.mach-o.objfile"; path = tty.o; sourceTree = "<group>"; };
		A42C8D1015E347DE00E15452 /* udp.c */ = {isa = PBXFileReference; fileEncoding = 4; lastKnownFileType = sourcecode.c.c; path = udp.c; sourceTree = "<group>"; };
		A42C8D1115E347DE00E15452 /* udp.o */ = {isa = PBXFileReference; lastKnownFileType = "compiled.mach-o.objfile"; path = udp.o; sourceTree = "<group>"; };
		A42C8D1215E347DE00E15452 /* uv-eio.c */ = {isa = PBXFileReference; fileEncoding = 4; lastKnownFileType = sourcecode.c.c; path = "uv-eio.c"; sourceTree = "<group>"; };
		A42C8D1315E347DE00E15452 /* uv-eio.h */ = {isa = PBXFileReference; fileEncoding = 4; lastKnownFileType = sourcecode.c.h; path = "uv-eio.h"; sourceTree = "<group>"; };
		A42C8D1415E347DE00E15452 /* uv-eio.o */ = {isa = PBXFileReference; lastKnownFileType = "compiled.mach-o.objfile"; path = "uv-eio.o"; sourceTree = "<group>"; };
		A42C8D1515E347DE00E15452 /* uv-common.c */ = {isa = PBXFileReference; fileEncoding = 4; lastKnownFileType = sourcecode.c.c; path = "uv-common.c"; sourceTree = "<group>"; };
		A42C8D1615E347DE00E15452 /* uv-common.h */ = {isa = PBXFileReference; fileEncoding = 4; lastKnownFileType = sourcecode.c.h; path = "uv-common.h"; sourceTree = "<group>"; };
		A42C8D1715E347DE00E15452 /* uv-common.o */ = {isa = PBXFileReference; lastKnownFileType = "compiled.mach-o.objfile"; path = "uv-common.o"; sourceTree = "<group>"; };
		A42C8D1915E347DE00E15452 /* async.c */ = {isa = PBXFileReference; fileEncoding = 4; lastKnownFileType = sourcecode.c.c; path = async.c; sourceTree = "<group>"; };
		A42C8D1A15E347DE00E15452 /* core.c */ = {isa = PBXFileReference; fileEncoding = 4; lastKnownFileType = sourcecode.c.c; path = core.c; sourceTree = "<group>"; };
		A42C8D1B15E347DE00E15452 /* dl.c */ = {isa = PBXFileReference; fileEncoding = 4; lastKnownFileType = sourcecode.c.c; path = dl.c; sourceTree = "<group>"; };
		A42C8D1C15E347DE00E15452 /* error.c */ = {isa = PBXFileReference; fileEncoding = 4; lastKnownFileType = sourcecode.c.c; path = error.c; sourceTree = "<group>"; };
		A42C8D1D15E347DE00E15452 /* fs-event.c */ = {isa = PBXFileReference; fileEncoding = 4; lastKnownFileType = sourcecode.c.c; path = "fs-event.c"; sourceTree = "<group>"; };
		A42C8D1E15E347DE00E15452 /* fs.c */ = {isa = PBXFileReference; fileEncoding = 4; lastKnownFileType = sourcecode.c.c; path = fs.c; sourceTree = "<group>"; };
		A42C8D1F15E347DE00E15452 /* getaddrinfo.c */ = {isa = PBXFileReference; fileEncoding = 4; lastKnownFileType = sourcecode.c.c; path = getaddrinfo.c; sourceTree = "<group>"; };
		A42C8D2015E347DE00E15452 /* handle-inl.h */ = {isa = PBXFileReference; fileEncoding = 4; lastKnownFileType = sourcecode.c.h; path = "handle-inl.h"; sourceTree = "<group>"; };
		A42C8D2115E347DE00E15452 /* handle.c */ = {isa = PBXFileReference; fileEncoding = 4; lastKnownFileType = sourcecode.c.c; path = handle.c; sourceTree = "<group>"; };
		A42C8D2215E347DE00E15452 /* internal.h */ = {isa = PBXFileReference; fileEncoding = 4; lastKnownFileType = sourcecode.c.h; path = internal.h; sourceTree = "<group>"; };
		A42C8D2315E347DE00E15452 /* loop-watcher.c */ = {isa = PBXFileReference; fileEncoding = 4; lastKnownFileType = sourcecode.c.c; path = "loop-watcher.c"; sourceTree = "<group>"; };
		A42C8D2415E347DE00E15452 /* pipe.c */ = {isa = PBXFileReference; fileEncoding = 4; lastKnownFileType = sourcecode.c.c; path = pipe.c; sourceTree = "<group>"; };
		A42C8D2515E347DE00E15452 /* poll.c */ = {isa = PBXFileReference; fileEncoding = 4; lastKnownFileType = sourcecode.c.c; path = poll.c; sourceTree = "<group>"; };
		A42C8D2615E347DE00E15452 /* process-stdio.c */ = {isa = PBXFileReference; fileEncoding = 4; lastKnownFileType = sourcecode.c.c; path = "process-stdio.c"; sourceTree = "<group>"; };
		A42C8D2715E347DE00E15452 /* process.c */ = {isa = PBXFileReference; fileEncoding = 4; lastKnownFileType = sourcecode.c.c; path = process.c; sourceTree = "<group>"; };
		A42C8D2815E347DE00E15452 /* req-inl.h */ = {isa = PBXFileReference; fileEncoding = 4; lastKnownFileType = sourcecode.c.h; path = "req-inl.h"; sourceTree = "<group>"; };
		A42C8D2915E347DE00E15452 /* req.c */ = {isa = PBXFileReference; fileEncoding = 4; lastKnownFileType = sourcecode.c.c; path = req.c; sourceTree = "<group>"; };
		A42C8D2A15E347DE00E15452 /* stream-inl.h */ = {isa = PBXFileReference; fileEncoding = 4; lastKnownFileType = sourcecode.c.h; path = "stream-inl.h"; sourceTree = "<group>"; };
		A42C8D2B15E347DE00E15452 /* stream.c */ = {isa = PBXFileReference; fileEncoding = 4; lastKnownFileType = sourcecode.c.c; path = stream.c; sourceTree = "<group>"; };
		A42C8D2C15E347DE00E15452 /* tcp.c */ = {isa = PBXFileReference; fileEncoding = 4; lastKnownFileType = sourcecode.c.c; path = tcp.c; sourceTree = "<group>"; };
		A42C8D2D15E347DE00E15452 /* thread.c */ = {isa = PBXFileReference; fileEncoding = 4; lastKnownFileType = sourcecode.c.c; path = thread.c; sourceTree = "<group>"; };
		A42C8D2E15E347DE00E15452 /* threadpool.c */ = {isa = PBXFileReference; fileEncoding = 4; lastKnownFileType = sourcecode.c.c; path = threadpool.c; sourceTree = "<group>"; };
		A42C8D2F15E347DE00E15452 /* timer.c */ = {isa = PBXFileReference; fileEncoding = 4; lastKnownFileType = sourcecode.c.c; path = timer.c; sourceTree = "<group>"; };
		A42C8D3015E347DE00E15452 /* tty.c */ = {isa = PBXFileReference; fileEncoding = 4; lastKnownFileType = sourcecode.c.c; path = tty.c; sourceTree = "<group>"; };
		A42C8D3115E347DE00E15452 /* udp.c */ = {isa = PBXFileReference; fileEncoding = 4; lastKnownFileType = sourcecode.c.c; path = udp.c; sourceTree = "<group>"; };
		A42C8D3215E347DE00E15452 /* util.c */ = {isa = PBXFileReference; fileEncoding = 4; lastKnownFileType = sourcecode.c.c; path = util.c; sourceTree = "<group>"; };
		A42C8D3315E347DE00E15452 /* winapi.c */ = {isa = PBXFileReference; fileEncoding = 4; lastKnownFileType = sourcecode.c.c; path = winapi.c; sourceTree = "<group>"; };
		A42C8D3415E347DE00E15452 /* winapi.h */ = {isa = PBXFileReference; fileEncoding = 4; lastKnownFileType = sourcecode.c.h; path = winapi.h; sourceTree = "<group>"; };
		A42C8D3515E347DE00E15452 /* winsock.c */ = {isa = PBXFileReference; fileEncoding = 4; lastKnownFileType = sourcecode.c.c; path = winsock.c; sourceTree = "<group>"; };
		A42C8D3615E347DE00E15452 /* winsock.h */ = {isa = PBXFileReference; fileEncoding = 4; lastKnownFileType = sourcecode.c.h; path = winsock.h; sourceTree = "<group>"; };
		A42C8D3815E347DE00E15452 /* benchmark-ares.c */ = {isa = PBXFileReference; fileEncoding = 4; lastKnownFileType = sourcecode.c.c; path = "benchmark-ares.c"; sourceTree = "<group>"; };
		A42C8D3915E347DE00E15452 /* benchmark-fs-stat.c */ = {isa = PBXFileReference; fileEncoding = 4; lastKnownFileType = sourcecode.c.c; path = "benchmark-fs-stat.c"; sourceTree = "<group>"; };
		A42C8D3A15E347DE00E15452 /* benchmark-getaddrinfo.c */ = {isa = PBXFileReference; fileEncoding = 4; lastKnownFileType = sourcecode.c.c; path = "benchmark-getaddrinfo.c"; sourceTree = "<group>"; };
		A42C8D3B15E347DE00E15452 /* benchmark-list.h */ = {isa = PBXFileReference; fileEncoding = 4; lastKnownFileType = sourcecode.c.h; path = "benchmark-list.h"; sourceTree = "<group>"; };
		A42C8D3C15E347DE00E15452 /* benchmark-loop-count.c */ = {isa = PBXFileReference; fileEncoding = 4; lastKnownFileType = sourcecode.c.c; path = "benchmark-loop-count.c"; sourceTree = "<group>"; };
		A42C8D3D15E347DE00E15452 /* benchmark-million-timers.c */ = {isa = PBXFileReference; fileEncoding = 4; lastKnownFileType = sourcecode.c.c; path = "benchmark-million-timers.c"; sourceTree = "<group>"; };
		A42C8D3E15E347DE00E15452 /* benchmark-ping-pongs.c */ = {isa = PBXFileReference; fileEncoding = 4; lastKnownFileType = sourcecode.c.c; path = "benchmark-ping-pongs.c"; sourceTree = "<group>"; };
		A42C8D3F15E347DE00E15452 /* benchmark-pound.c */ = {isa = PBXFileReference; fileEncoding = 4; lastKnownFileType = sourcecode.c.c; path = "benchmark-pound.c"; sourceTree = "<group>"; };
		A42C8D4015E347DE00E15452 /* benchmark-pump.c */ = {isa = PBXFileReference; fileEncoding = 4; lastKnownFileType = sourcecode.c.c; path = "benchmark-pump.c"; sourceTree = "<group>"; };
		A42C8D4115E347DE00E15452 /* benchmark-sizes.c */ = {isa = PBXFileReference; fileEncoding = 4; lastKnownFileType = sourcecode.c.c; path = "benchmark-sizes.c"; sourceTree = "<group>"; };
		A42C8D4215E347DE00E15452 /* benchmark-spawn.c */ = {isa = PBXFileReference; fileEncoding = 4; lastKnownFileType = sourcecode.c.c; path = "benchmark-spawn.c"; sourceTree = "<group>"; };
		A42C8D4315E347DE00E15452 /* benchmark-tcp-write-batch.c */ = {isa = PBXFileReference; fileEncoding = 4; lastKnownFileType = sourcecode.c.c; path = "benchmark-tcp-write-batch.c"; sourceTree = "<group>"; };
		A42C8D4415E347DE00E15452 /* benchmark-thread.c */ = {isa = PBXFileReference; fileEncoding = 4; lastKnownFileType = sourcecode.c.c; path = "benchmark-thread.c"; sourceTree = "<group>"; };
		A42C8D4515E347DE00E15452 /* benchmark-udp-packet-storm.c */ = {isa = PBXFileReference; fileEncoding = 4; lastKnownFileType = sourcecode.c.c; path = "benchmark-udp-packet-storm.c"; sourceTree = "<group>"; };
		A42C8D4615E347DE00E15452 /* blackhole-server.c */ = {isa = PBXFileReference; fileEncoding = 4; lastKnownFileType = sourcecode.c.c; path = "blackhole-server.c"; sourceTree = "<group>"; };
		A42C8D4715E347DE00E15452 /* dns-server.c */ = {isa = PBXFileReference; fileEncoding = 4; lastKnownFileType = sourcecode.c.c; path = "dns-server.c"; sourceTree = "<group>"; };
		A42C8D4815E347DE00E15452 /* echo-server.c */ = {isa = PBXFileReference; fileEncoding = 4; lastKnownFileType = sourcecode.c.c; path = "echo-server.c"; sourceTree = "<group>"; };
		A42C8D4A15E347DE00E15452 /* empty_file */ = {isa = PBXFileReference; fileEncoding = 4; lastKnownFileType = text; path = empty_file; sourceTree = "<group>"; };
		A42C8D4B15E347DE00E15452 /* load_error.node */ = {isa = PBXFileReference; fileEncoding = 4; lastKnownFileType = text; path = load_error.node; sourceTree = "<group>"; };
		A42C8D4C15E347DE00E15452 /* run-benchmarks.c */ = {isa = PBXFileReference; fileEncoding = 4; lastKnownFileType = sourcecode.c.c; path = "run-benchmarks.c"; sourceTree = "<group>"; };
		A42C8D4D15E347DE00E15452 /* run-tests.c */ = {isa = PBXFileReference; fileEncoding = 4; lastKnownFileType = sourcecode.c.c; path = "run-tests.c"; sourceTree = "<group>"; };
		A42C8D4E15E347DE00E15452 /* runner-unix.c */ = {isa = PBXFileReference; fileEncoding = 4; lastKnownFileType = sourcecode.c.c; path = "runner-unix.c"; sourceTree = "<group>"; };
		A42C8D4F15E347DE00E15452 /* runner-unix.h */ = {isa = PBXFileReference; fileEncoding = 4; lastKnownFileType = sourcecode.c.h; path = "runner-unix.h"; sourceTree = "<group>"; };
		A42C8D5015E347DE00E15452 /* runner-win.c */ = {isa = PBXFileReference; fileEncoding = 4; lastKnownFileType = sourcecode.c.c; path = "runner-win.c"; sourceTree = "<group>"; };
		A42C8D5115E347DE00E15452 /* runner-win.h */ = {isa = PBXFileReference; fileEncoding = 4; lastKnownFileType = sourcecode.c.h; path = "runner-win.h"; sourceTree = "<group>"; };
		A42C8D5215E347DE00E15452 /* runner.c */ = {isa = PBXFileReference; fileEncoding = 4; lastKnownFileType = sourcecode.c.c; path = runner.c; sourceTree = "<group>"; };
		A42C8D5315E347DE00E15452 /* runner.h */ = {isa = PBXFileReference; fileEncoding = 4; lastKnownFileType = sourcecode.c.h; path = runner.h; sourceTree = "<group>"; };
		A42C8D5415E347DE00E15452 /* task.h */ = {isa = PBXFileReference; fileEncoding = 4; lastKnownFileType = sourcecode.c.h; path = task.h; sourceTree = "<group>"; };
		A42C8D5515E347DE00E15452 /* test-async.c */ = {isa = PBXFileReference; fileEncoding = 4; lastKnownFileType = sourcecode.c.c; path = "test-async.c"; sourceTree = "<group>"; };
		A42C8D5615E347DE00E15452 /* test-callback-order.c */ = {isa = PBXFileReference; fileEncoding = 4; lastKnownFileType = sourcecode.c.c; path = "test-callback-order.c"; sourceTree = "<group>"; };
		A42C8D5715E347DE00E15452 /* test-callback-stack.c */ = {isa = PBXFileReference; fileEncoding = 4; lastKnownFileType = sourcecode.c.c; path = "test-callback-stack.c"; sourceTree = "<group>"; };
		A42C8D5815E347DE00E15452 /* test-connection-fail.c */ = {isa = PBXFileReference; fileEncoding = 4; lastKnownFileType = sourcecode.c.c; path = "test-connection-fail.c"; sourceTree = "<group>"; };
		A42C8D5915E347DE00E15452 /* test-counters-init.c */ = {isa = PBXFileReference; fileEncoding = 4; lastKnownFileType = sourcecode.c.c; path = "test-counters-init.c"; sourceTree = "<group>"; };
		A42C8D5A15E347DE00E15452 /* test-cwd-and-chdir.c */ = {isa = PBXFileReference; fileEncoding = 4; lastKnownFileType = sourcecode.c.c; path = "test-cwd-and-chdir.c"; sourceTree = "<group>"; };
		A42C8D5B15E347DE00E15452 /* test-delayed-accept.c */ = {isa = PBXFileReference; fileEncoding = 4; lastKnownFileType = sourcecode.c.c; path = "test-delayed-accept.c"; sourceTree = "<group>"; };
		A42C8D5C15E347DE00E15452 /* test-dlerror.c */ = {isa = PBXFileReference; fileEncoding = 4; lastKnownFileType = sourcecode.c.c; path = "test-dlerror.c"; sourceTree = "<group>"; };
		A42C8D5D15E347DE00E15452 /* test-error.c */ = {isa = PBXFileReference; fileEncoding = 4; lastKnownFileType = sourcecode.c.c; path = "test-error.c"; sourceTree = "<group>"; };
		A42C8D5E15E347DE00E15452 /* test-fail-always.c */ = {isa = PBXFileReference; fileEncoding = 4; lastKnownFileType = sourcecode.c.c; path = "test-fail-always.c"; sourceTree = "<group>"; };
		A42C8D5F15E347DE00E15452 /* test-fs-event.c */ = {isa = PBXFileReference; fileEncoding = 4; lastKnownFileType = sourcecode.c.c; path = "test-fs-event.c"; sourceTree = "<group>"; };
		A42C8D6015E347DE00E15452 /* test-fs-poll.c */ = {isa = PBXFileReference; fileEncoding = 4; lastKnownFileType = sourcecode.c.c; path = "test-fs-poll.c"; sourceTree = "<group>"; };
		A42C8D6115E347DE00E15452 /* test-fs.c */ = {isa = PBXFileReference; fileEncoding = 4; lastKnownFileType = sourcecode.c.c; path = "test-fs.c"; sourceTree = "<group>"; };
		A42C8D6215E347DE00E15452 /* test-get-currentexe.c */ = {isa = PBXFileReference; fileEncoding = 4; lastKnownFileType = sourcecode.c.c; path = "test-get-currentexe.c"; sourceTree = "<group>"; };
		A42C8D6315E347DE00E15452 /* test-get-loadavg.c */ = {isa = PBXFileReference; fileEncoding = 4; lastKnownFileType = sourcecode.c.c; path = "test-get-loadavg.c"; sourceTree = "<group>"; };
		A42C8D6415E347DE00E15452 /* test-get-memory.c */ = {isa = PBXFileReference; fileEncoding = 4; lastKnownFileType = sourcecode.c.c; path = "test-get-memory.c"; sourceTree = "<group>"; };
		A42C8D6515E347DE00E15452 /* test-getaddrinfo.c */ = {isa = PBXFileReference; fileEncoding = 4; lastKnownFileType = sourcecode.c.c; path = "test-getaddrinfo.c"; sourceTree = "<group>"; };
		A42C8D6615E347DE00E15452 /* test-gethostbyname.c */ = {isa = PBXFileReference; fileEncoding = 4; lastKnownFileType = sourcecode.c.c; path = "test-gethostbyname.c"; sourceTree = "<group>"; };
		A42C8D6715E347DE00E15452 /* test-getsockname.c */ = {isa = PBXFileReference; fileEncoding = 4; lastKnownFileType = sourcecode.c.c; path = "test-getsockname.c"; sourceTree = "<group>"; };
		A42C8D6815E347DE00E15452 /* test-hrtime.c */ = {isa = PBXFileReference; fileEncoding = 4; lastKnownFileType = sourcecode.c.c; path = "test-hrtime.c"; sourceTree = "<group>"; };
		A42C8D6915E347DE00E15452 /* test-idle.c */ = {isa = PBXFileReference; fileEncoding = 4; lastKnownFileType = sourcecode.c.c; path = "test-idle.c"; sourceTree = "<group>"; };
		A42C8D6A15E347DE00E15452 /* test-ipc-send-recv.c */ = {isa = PBXFileReference; fileEncoding = 4; lastKnownFileType = sourcecode.c.c; path = "test-ipc-send-recv.c"; sourceTree = "<group>"; };
		A42C8D6B15E347DE00E15452 /* test-ipc.c */ = {isa = PBXFileReference; fileEncoding = 4; lastKnownFileType = sourcecode.c.c; path = "test-ipc.c"; sourceTree = "<group>"; };
		A42C8D6C15E347DE00E15452 /* test-list.h */ = {isa = PBXFileReference; fileEncoding = 4; lastKnownFileType = sourcecode.c.h; path = "test-list.h"; sourceTree = "<group>"; };
		A42C8D6D15E347DE00E15452 /* test-loop-handles.c */ = {isa = PBXFileReference; fileEncoding = 4; lastKnownFileType = sourcecode.c.c; path = "test-loop-handles.c"; sourceTree = "<group>"; };
		A42C8D6E15E347DE00E15452 /* test-multiple-listen.c */ = {isa = PBXFileReference; fileEncoding = 4; lastKnownFileType = sourcecode.c.c; path = "test-multiple-listen.c"; sourceTree = "<group>"; };
		A42C8D6F15E347DE00E15452 /* test-mutexes.c */ = {isa = PBXFileReference; fileEncoding = 4; lastKnownFileType = sourcecode.c.c; path = "test-mutexes.c"; sourceTree = "<group>"; };
		A42C8D7015E347DE00E15452 /* test-pass-always.c */ = {isa = PBXFileReference; fileEncoding = 4; lastKnownFileType = sourcecode.c.c; path = "test-pass-always.c"; sourceTree = "<group>"; };
		A42C8D7115E347DE00E15452 /* test-ping-pong.c */ = {isa = PBXFileReference; fileEncoding = 4; lastKnownFileType = sourcecode.c.c; path = "test-ping-pong.c"; sourceTree = "<group>"; };
		A42C8D7215E347DE00E15452 /* test-pipe-bind-error.c */ = {isa = PBXFileReference; fileEncoding = 4; lastKnownFileType = sourcecode.c.c; path = "test-pipe-bind-error.c"; sourceTree = "<group>"; };
		A42C8D7315E347DE00E15452 /* test-pipe-connect-error.c */ = {isa = PBXFileReference; fileEncoding = 4; lastKnownFileType = sourcecode.c.c; path = "test-pipe-connect-error.c"; sourceTree = "<group>"; };
		A42C8D7415E347DE00E15452 /* test-platform-output.c */ = {isa = PBXFileReference; fileEncoding = 4; lastKnownFileType = sourcecode.c.c; path = "test-platform-output.c"; sourceTree = "<group>"; };
		A42C8D7515E347DE00E15452 /* test-poll-close.c */ = {isa = PBXFileReference; fileEncoding = 4; lastKnownFileType = sourcecode.c.c; path = "test-poll-close.c"; sourceTree = "<group>"; };
		A42C8D7615E347DE00E15452 /* test-poll.c */ = {isa = PBXFileReference; fileEncoding = 4; lastKnownFileType = sourcecode.c.c; path = "test-poll.c"; sourceTree = "<group>"; };
		A42C8D7715E347DE00E15452 /* test-process-title.c */ = {isa = PBXFileReference; fileEncoding = 4; lastKnownFileType = sourcecode.c.c; path = "test-process-title.c"; sourceTree = "<group>"; };
		A42C8D7815E347DE00E15452 /* test-ref.c */ = {isa = PBXFileReference; fileEncoding = 4; lastKnownFileType = sourcecode.c.c; path = "test-ref.c"; sourceTree = "<group>"; };
		A42C8D7915E347DE00E15452 /* test-run-once.c */ = {isa = PBXFileReference; fileEncoding = 4; lastKnownFileType = sourcecode.c.c; path = "test-run-once.c"; sourceTree = "<group>"; };
		A42C8D7A15E347DE00E15452 /* test-semaphore.c */ = {isa = PBXFileReference; fileEncoding = 4; lastKnownFileType = sourcecode.c.c; path = "test-semaphore.c"; sourceTree = "<group>"; };
		A42C8D7B15E347DE00E15452 /* test-shutdown-close.c */ = {isa = PBXFileReference; fileEncoding = 4; lastKnownFileType = sourcecode.c.c; path = "test-shutdown-close.c"; sourceTree = "<group>"; };
		A42C8D7C15E347DE00E15452 /* test-shutdown-eof.c */ = {isa = PBXFileReference; fileEncoding = 4; lastKnownFileType = sourcecode.c.c; path = "test-shutdown-eof.c"; sourceTree = "<group>"; };
		A42C8D7D15E347DE00E15452 /* test-spawn.c */ = {isa = PBXFileReference; fileEncoding = 4; lastKnownFileType = sourcecode.c.c; path = "test-spawn.c"; sourceTree = "<group>"; };
		A42C8D7E15E347DE00E15452 /* test-stdio-over-pipes.c */ = {isa = PBXFileReference; fileEncoding = 4; lastKnownFileType = sourcecode.c.c; path = "test-stdio-over-pipes.c"; sourceTree = "<group>"; };
		A42C8D7F15E347DE00E15452 /* test-tcp-bind-error.c */ = {isa = PBXFileReference; fileEncoding = 4; lastKnownFileType = sourcecode.c.c; path = "test-tcp-bind-error.c"; sourceTree = "<group>"; };
		A42C8D8015E347DE00E15452 /* test-tcp-bind6-error.c */ = {isa = PBXFileReference; fileEncoding = 4; lastKnownFileType = sourcecode.c.c; path = "test-tcp-bind6-error.c"; sourceTree = "<group>"; };
		A42C8D8115E347DE00E15452 /* test-tcp-close-while-connecting.c */ = {isa = PBXFileReference; fileEncoding = 4; lastKnownFileType = sourcecode.c.c; path = "test-tcp-close-while-connecting.c"; sourceTree = "<group>"; };
		A42C8D8215E347DE00E15452 /* test-tcp-close.c */ = {isa = PBXFileReference; fileEncoding = 4; lastKnownFileType = sourcecode.c.c; path = "test-tcp-close.c"; sourceTree = "<group>"; };
		A42C8D8315E347DE00E15452 /* test-tcp-connect-error-after-write.c */ = {isa = PBXFileReference; fileEncoding = 4; lastKnownFileType = sourcecode.c.c; path = "test-tcp-connect-error-after-write.c"; sourceTree = "<group>"; };
		A42C8D8415E347DE00E15452 /* test-tcp-connect-error.c */ = {isa = PBXFileReference; fileEncoding = 4; lastKnownFileType = sourcecode.c.c; path = "test-tcp-connect-error.c"; sourceTree = "<group>"; };
		A42C8D8515E347DE00E15452 /* test-tcp-connect-timeout.c */ = {isa = PBXFileReference; fileEncoding = 4; lastKnownFileType = sourcecode.c.c; path = "test-tcp-connect-timeout.c"; sourceTree = "<group>"; };
		A42C8D8615E347DE00E15452 /* test-tcp-connect6-error.c */ = {isa = PBXFileReference; fileEncoding = 4; lastKnownFileType = sourcecode.c.c; path = "test-tcp-connect6-error.c"; sourceTree = "<group>"; };
		A42C8D8715E347DE00E15452 /* test-tcp-flags.c */ = {isa = PBXFileReference; fileEncoding = 4; lastKnownFileType = sourcecode.c.c; path = "test-tcp-flags.c"; sourceTree = "<group>"; };
		A42C8D8815E347DE00E15452 /* test-tcp-shutdown-after-write.c */ = {isa = PBXFileReference; fileEncoding = 4; lastKnownFileType = sourcecode.c.c; path = "test-tcp-shutdown-after-write.c"; sourceTree = "<group>"; };
		A42C8D8915E347DE00E15452 /* test-tcp-unexpected-read.c */ = {isa = PBXFileReference; fileEncoding = 4; lastKnownFileType = sourcecode.c.c; path = "test-tcp-unexpected-read.c"; sourceTree = "<group>"; };
		A42C8D8A15E347DE00E15452 /* test-tcp-write-error.c */ = {isa = PBXFileReference; fileEncoding = 4; lastKnownFileType = sourcecode.c.c; path = "test-tcp-write-error.c"; sourceTree = "<group>"; };
		A42C8D8B15E347DE00E15452 /* test-tcp-write-to-half-open-connection.c */ = {isa = PBXFileReference; fileEncoding = 4; lastKnownFileType = sourcecode.c.c; path = "test-tcp-write-to-half-open-connection.c"; sourceTree = "<group>"; };
		A42C8D8C15E347DE00E15452 /* test-tcp-writealot.c */ = {isa = PBXFileReference; fileEncoding = 4; lastKnownFileType = sourcecode.c.c; path = "test-tcp-writealot.c"; sourceTree = "<group>"; };
		A42C8D8D15E347DE00E15452 /* test-thread.c */ = {isa = PBXFileReference; fileEncoding = 4; lastKnownFileType = sourcecode.c.c; path = "test-thread.c"; sourceTree = "<group>"; };
		A42C8D8E15E347DE00E15452 /* test-threadpool.c */ = {isa = PBXFileReference; fileEncoding = 4; lastKnownFileType = sourcecode.c.c; path = "test-threadpool.c"; sourceTree = "<group>"; };
		A42C8D8F15E347DE00E15452 /* test-timer-again.c */ = {isa = PBXFileReference; fileEncoding = 4; lastKnownFileType = sourcecode.c.c; path = "test-timer-again.c"; sourceTree = "<group>"; };
		A42C8D9015E347DE00E15452 /* test-timer.c */ = {isa = PBXFileReference; fileEncoding = 4; lastKnownFileType = sourcecode.c.c; path = "test-timer.c"; sourceTree = "<group>"; };
		A42C8D9115E347DE00E15452 /* test-tty.c */ = {isa = PBXFileReference; fileEncoding = 4; lastKnownFileType = sourcecode.c.c; path = "test-tty.c"; sourceTree = "<group>"; };
		A42C8D9215E347DE00E15452 /* test-udp-dgram-too-big.c */ = {isa = PBXFileReference; fileEncoding = 4; lastKnownFileType = sourcecode.c.c; path = "test-udp-dgram-too-big.c"; sourceTree = "<group>"; };
		A42C8D9315E347DE00E15452 /* test-udp-ipv6.c */ = {isa = PBXFileReference; fileEncoding = 4; lastKnownFileType = sourcecode.c.c; path = "test-udp-ipv6.c"; sourceTree = "<group>"; };
		A42C8D9415E347DE00E15452 /* test-udp-multicast-join.c */ = {isa = PBXFileReference; fileEncoding = 4; lastKnownFileType = sourcecode.c.c; path = "test-udp-multicast-join.c"; sourceTree = "<group>"; };
		A42C8D9515E347DE00E15452 /* test-udp-multicast-ttl.c */ = {isa = PBXFileReference; fileEncoding = 4; lastKnownFileType = sourcecode.c.c; path = "test-udp-multicast-ttl.c"; sourceTree = "<group>"; };
		A42C8D9615E347DE00E15452 /* test-udp-options.c */ = {isa = PBXFileReference; fileEncoding = 4; lastKnownFileType = sourcecode.c.c; path = "test-udp-options.c"; sourceTree = "<group>"; };
		A42C8D9715E347DE00E15452 /* test-udp-send-and-recv.c */ = {isa = PBXFileReference; fileEncoding = 4; lastKnownFileType = sourcecode.c.c; path = "test-udp-send-and-recv.c"; sourceTree = "<group>"; };
		A42C8D9815E347DE00E15452 /* test-util.c */ = {isa = PBXFileReference; fileEncoding = 4; lastKnownFileType = sourcecode.c.c; path = "test-util.c"; sourceTree = "<group>"; };
		A42C8D9915E347DE00E15452 /* test-walk-handles.c */ = {isa = PBXFileReference; fileEncoding = 4; lastKnownFileType = sourcecode.c.c; path = "test-walk-handles.c"; sourceTree = "<group>"; };
		A42C8D9A15E347DE00E15452 /* uv.a */ = {isa = PBXFileReference; lastKnownFileType = archive.ar; path = uv.a; sourceTree = "<group>"; };
		A42C8D9B15E347DE00E15452 /* uv.gyp */ = {isa = PBXFileReference; fileEncoding = 4; lastKnownFileType = text; path = uv.gyp; sourceTree = "<group>"; };
		A42C8D9C15E347DE00E15452 /* vcbuild.bat */ = {isa = PBXFileReference; fileEncoding = 4; lastKnownFileType = text; path = vcbuild.bat; sourceTree = "<group>"; };
		A42C8D9D15E347DE00E15452 /* x10.cpp */ = {isa = PBXFileReference; fileEncoding = 4; lastKnownFileType = sourcecode.cpp.cpp; path = x10.cpp; sourceTree = "<group>"; };
		A42C8D9E15E347DE00E15452 /* Makefile */ = {isa = PBXFileReference; fileEncoding = 4; lastKnownFileType = sourcecode.make; path = Makefile; sourceTree = "<group>"; };
		A42C8D9F15E347DE00E15452 /* README.md */ = {isa = PBXFileReference; fileEncoding = 4; lastKnownFileType = text; path = README.md; sourceTree = "<group>"; };
/* End PBXFileReference section */

/* Begin PBXGroup section */
		A409726C15E347B7002BE21C = {
			isa = PBXGroup;
			children = (
				A42C8BFD15E347DE00E15452 /* libuv */,
				A42C8D9D15E347DE00E15452 /* x10.cpp */,
				A42C8D9E15E347DE00E15452 /* Makefile */,
				A42C8D9F15E347DE00E15452 /* README.md */,
			);
			sourceTree = "<group>";
		};
		A42C8BFD15E347DE00E15452 /* libuv */ = {
			isa = PBXGroup;
			children = (
				A42C8BFE15E347DE00E15452 /* AUTHORS */,
				A42C8BFF15E347DE00E15452 /* build */,
				A42C8C0115E347DE00E15452 /* common.gypi */,
				A42C8C0215E347DE00E15452 /* config-mingw.mk */,
				A42C8C0315E347DE00E15452 /* config-unix.mk */,
				A42C8C0415E347DE00E15452 /* gyp_uv */,
				A42C8C0515E347DE00E15452 /* include */,
				A42C8C1015E347DE00E15452 /* LICENSE */,
				A42C8C1115E347DE00E15452 /* Makefile */,
				A42C8C1215E347DE00E15452 /* README.md */,
				A42C8C1315E347DE00E15452 /* src */,
				A42C8D3715E347DE00E15452 /* test */,
				A42C8D9A15E347DE00E15452 /* uv.a */,
				A42C8D9B15E347DE00E15452 /* uv.gyp */,
				A42C8D9C15E347DE00E15452 /* vcbuild.bat */,
			);
			path = libuv;
			sourceTree = "<group>";
		};
		A42C8BFF15E347DE00E15452 /* build */ = {
			isa = PBXGroup;
			children = (
				A42C8C0015E347DE00E15452 /* gcc_version.py */,
			);
			path = build;
			sourceTree = "<group>";
		};
		A42C8C0515E347DE00E15452 /* include */ = {
			isa = PBXGroup;
			children = (
				A42C8C0615E347DE00E15452 /* ares.h */,
				A42C8C0715E347DE00E15452 /* ares_version.h */,
				A42C8C0815E347DE00E15452 /* uv-private */,
				A42C8C0F15E347DE00E15452 /* uv.h */,
			);
			path = include;
			sourceTree = "<group>";
		};
		A42C8C0815E347DE00E15452 /* uv-private */ = {
			isa = PBXGroup;
			children = (
				A42C8C0915E347DE00E15452 /* eio.h */,
				A42C8C0A15E347DE00E15452 /* ev.h */,
				A42C8C0B15E347DE00E15452 /* ngx-queue.h */,
				A42C8C0C15E347DE00E15452 /* tree.h */,
				A42C8C0D15E347DE00E15452 /* uv-unix.h */,
				A42C8C0E15E347DE00E15452 /* uv-win.h */,
			);
			path = "uv-private";
			sourceTree = "<group>";
		};
		A42C8C1315E347DE00E15452 /* src */ = {
			isa = PBXGroup;
			children = (
				A42C8C1415E347DE00E15452 /* ares */,
				A42C8C9E15E347DE00E15452 /* cares.c */,
				A42C8C9F15E347DE00E15452 /* cares.o */,
				A42C8CA015E347DE00E15452 /* fs-poll.c */,
				A42C8CA115E347DE00E15452 /* fs-poll.o */,
				A42C8CA215E347DE00E15452 /* unix */,
				A42C8D1515E347DE00E15452 /* uv-common.c */,
				A42C8D1615E347DE00E15452 /* uv-common.h */,
				A42C8D1715E347DE00E15452 /* uv-common.o */,
				A42C8D1815E347DE00E15452 /* win */,
			);
			path = src;
			sourceTree = "<group>";
		};
		A42C8C1415E347DE00E15452 /* ares */ = {
			isa = PBXGroup;
			children = (
				A42C8C1515E347DE00E15452 /* ares__close_sockets.c */,
				A42C8C1615E347DE00E15452 /* ares__close_sockets.o */,
				A42C8C1715E347DE00E15452 /* ares__get_hostent.c */,
				A42C8C1815E347DE00E15452 /* ares__get_hostent.o */,
				A42C8C1915E347DE00E15452 /* ares__read_line.c */,
				A42C8C1A15E347DE00E15452 /* ares__read_line.o */,
				A42C8C1B15E347DE00E15452 /* ares__timeval.c */,
				A42C8C1C15E347DE00E15452 /* ares__timeval.o */,
				A42C8C1D15E347DE00E15452 /* ares_cancel.c */,
				A42C8C1E15E347DE00E15452 /* ares_cancel.o */,
				A42C8C1F15E347DE00E15452 /* ares_data.c */,
				A42C8C2015E347DE00E15452 /* ares_data.h */,
				A42C8C2115E347DE00E15452 /* ares_data.o */,
				A42C8C2215E347DE00E15452 /* ares_destroy.c */,
				A42C8C2315E347DE00E15452 /* ares_destroy.o */,
				A42C8C2415E347DE00E15452 /* ares_dns.h */,
				A42C8C2515E347DE00E15452 /* ares_expand_name.c */,
				A42C8C2615E347DE00E15452 /* ares_expand_name.o */,
				A42C8C2715E347DE00E15452 /* ares_expand_string.c */,
				A42C8C2815E347DE00E15452 /* ares_expand_string.o */,
				A42C8C2915E347DE00E15452 /* ares_fds.c */,
				A42C8C2A15E347DE00E15452 /* ares_fds.o */,
				A42C8C2B15E347DE00E15452 /* ares_free_hostent.c */,
				A42C8C2C15E347DE00E15452 /* ares_free_hostent.o */,
				A42C8C2D15E347DE00E15452 /* ares_free_string.c */,
				A42C8C2E15E347DE00E15452 /* ares_free_string.o */,
				A42C8C2F15E347DE00E15452 /* ares_getenv.c */,
				A42C8C3015E347DE00E15452 /* ares_getenv.h */,
				A42C8C3115E347DE00E15452 /* ares_gethostbyaddr.c */,
				A42C8C3215E347DE00E15452 /* ares_gethostbyaddr.o */,
				A42C8C3315E347DE00E15452 /* ares_gethostbyname.c */,
				A42C8C3415E347DE00E15452 /* ares_gethostbyname.o */,
				A42C8C3515E347DE00E15452 /* ares_getnameinfo.c */,
				A42C8C3615E347DE00E15452 /* ares_getnameinfo.o */,
				A42C8C3715E347DE00E15452 /* ares_getopt.c */,
				A42C8C3815E347DE00E15452 /* ares_getopt.h */,
				A42C8C3915E347DE00E15452 /* ares_getopt.o */,
				A42C8C3A15E347DE00E15452 /* ares_getsock.c */,
				A42C8C3B15E347DE00E15452 /* ares_getsock.o */,
				A42C8C3C15E347DE00E15452 /* ares_init.c */,
				A42C8C3D15E347DE00E15452 /* ares_init.o */,
				A42C8C3E15E347DE00E15452 /* ares_iphlpapi.h */,
				A42C8C3F15E347DE00E15452 /* ares_ipv6.h */,
				A42C8C4015E347DE00E15452 /* ares_library_init.c */,
				A42C8C4115E347DE00E15452 /* ares_library_init.h */,
				A42C8C4215E347DE00E15452 /* ares_library_init.o */,
				A42C8C4315E347DE00E15452 /* ares_llist.c */,
				A42C8C4415E347DE00E15452 /* ares_llist.h */,
				A42C8C4515E347DE00E15452 /* ares_llist.o */,
				A42C8C4615E347DE00E15452 /* ares_mkquery.c */,
				A42C8C4715E347DE00E15452 /* ares_mkquery.o */,
				A42C8C4815E347DE00E15452 /* ares_nowarn.c */,
				A42C8C4915E347DE00E15452 /* ares_nowarn.h */,
				A42C8C4A15E347DE00E15452 /* ares_nowarn.o */,
				A42C8C4B15E347DE00E15452 /* ares_options.c */,
				A42C8C4C15E347DE00E15452 /* ares_options.o */,
				A42C8C4D15E347DE00E15452 /* ares_parse_a_reply.c */,
				A42C8C4E15E347DE00E15452 /* ares_parse_a_reply.o */,
				A42C8C4F15E347DE00E15452 /* ares_parse_aaaa_reply.c */,
				A42C8C5015E347DE00E15452 /* ares_parse_aaaa_reply.o */,
				A42C8C5115E347DE00E15452 /* ares_parse_mx_reply.c */,
				A42C8C5215E347DE00E15452 /* ares_parse_mx_reply.o */,
				A42C8C5315E347DE00E15452 /* ares_parse_ns_reply.c */,
				A42C8C5415E347DE00E15452 /* ares_parse_ns_reply.o */,
				A42C8C5515E347DE00E15452 /* ares_parse_ptr_reply.c */,
				A42C8C5615E347DE00E15452 /* ares_parse_ptr_reply.o */,
				A42C8C5715E347DE00E15452 /* ares_parse_srv_reply.c */,
				A42C8C5815E347DE00E15452 /* ares_parse_srv_reply.o */,
				A42C8C5915E347DE00E15452 /* ares_parse_txt_reply.c */,
				A42C8C5A15E347DE00E15452 /* ares_parse_txt_reply.o */,
				A42C8C5B15E347DE00E15452 /* ares_platform.c */,
				A42C8C5C15E347DE00E15452 /* ares_platform.h */,
				A42C8C5D15E347DE00E15452 /* ares_private.h */,
				A42C8C5E15E347DE00E15452 /* ares_process.c */,
				A42C8C5F15E347DE00E15452 /* ares_process.o */,
				A42C8C6015E347DE00E15452 /* ares_query.c */,
				A42C8C6115E347DE00E15452 /* ares_query.o */,
				A42C8C6215E347DE00E15452 /* ares_rules.h */,
				A42C8C6315E347DE00E15452 /* ares_search.c */,
				A42C8C6415E347DE00E15452 /* ares_search.o */,
				A42C8C6515E347DE00E15452 /* ares_send.c */,
				A42C8C6615E347DE00E15452 /* ares_send.o */,
				A42C8C6715E347DE00E15452 /* ares_setup.h */,
				A42C8C6815E347DE00E15452 /* ares_strcasecmp.c */,
				A42C8C6915E347DE00E15452 /* ares_strcasecmp.h */,
				A42C8C6A15E347DE00E15452 /* ares_strcasecmp.o */,
				A42C8C6B15E347DE00E15452 /* ares_strdup.c */,
				A42C8C6C15E347DE00E15452 /* ares_strdup.h */,
				A42C8C6D15E347DE00E15452 /* ares_strdup.o */,
				A42C8C6E15E347DE00E15452 /* ares_strerror.c */,
				A42C8C6F15E347DE00E15452 /* ares_strerror.o */,
				A42C8C7015E347DE00E15452 /* ares_timeout.c */,
				A42C8C7115E347DE00E15452 /* ares_timeout.o */,
				A42C8C7215E347DE00E15452 /* ares_version.c */,
				A42C8C7315E347DE00E15452 /* ares_version.o */,
				A42C8C7415E347DE00E15452 /* ares_writev.c */,
				A42C8C7515E347DE00E15452 /* ares_writev.h */,
				A42C8C7615E347DE00E15452 /* ares_writev.o */,
				A42C8C7715E347DE00E15452 /* AUTHORS */,
				A42C8C7815E347DE00E15452 /* bitncmp.c */,
				A42C8C7915E347DE00E15452 /* bitncmp.h */,
				A42C8C7A15E347DE00E15452 /* bitncmp.o */,
				A42C8C7B15E347DE00E15452 /* CHANGES */,
				A42C8C7C15E347DE00E15452 /* CMakeLists.txt */,
				A42C8C7D15E347DE00E15452 /* config_cygwin */,
				A42C8C7F15E347DE00E15452 /* config_darwin */,
				A42C8C8115E347DE00E15452 /* config_freebsd */,
				A42C8C8315E347DE00E15452 /* config_linux */,
				A42C8C8515E347DE00E15452 /* config_netbsd */,
				A42C8C8715E347DE00E15452 /* config_openbsd */,
				A42C8C8915E347DE00E15452 /* config_sunos */,
				A42C8C8B15E347DE00E15452 /* config_win32 */,
				A42C8C8D15E347DE00E15452 /* get_ver.awk */,
				A42C8C8E15E347DE00E15452 /* inet_net_pton.c */,
				A42C8C8F15E347DE00E15452 /* inet_net_pton.h */,
				A42C8C9015E347DE00E15452 /* inet_net_pton.o */,
				A42C8C9115E347DE00E15452 /* inet_ntop.c */,
				A42C8C9215E347DE00E15452 /* inet_ntop.h */,
				A42C8C9315E347DE00E15452 /* inet_ntop.o */,
				A42C8C9415E347DE00E15452 /* nameser.h */,
				A42C8C9515E347DE00E15452 /* NEWS */,
				A42C8C9615E347DE00E15452 /* README */,
				A42C8C9715E347DE00E15452 /* README.cares */,
				A42C8C9815E347DE00E15452 /* README.msvc */,
				A42C8C9915E347DE00E15452 /* README.node */,
				A42C8C9A15E347DE00E15452 /* RELEASE-NOTES */,
				A42C8C9B15E347DE00E15452 /* setup_once.h */,
				A42C8C9C15E347DE00E15452 /* TODO */,
				A42C8C9D15E347DE00E15452 /* windows_port.c */,
			);
			path = ares;
			sourceTree = "<group>";
		};
		A42C8C7D15E347DE00E15452 /* config_cygwin */ = {
			isa = PBXGroup;
			children = (
				A42C8C7E15E347DE00E15452 /* ares_config.h */,
			);
			path = config_cygwin;
			sourceTree = "<group>";
		};
		A42C8C7F15E347DE00E15452 /* config_darwin */ = {
			isa = PBXGroup;
			children = (
				A42C8C8015E347DE00E15452 /* ares_config.h */,
			);
			path = config_darwin;
			sourceTree = "<group>";
		};
		A42C8C8115E347DE00E15452 /* config_freebsd */ = {
			isa = PBXGroup;
			children = (
				A42C8C8215E347DE00E15452 /* ares_config.h */,
			);
			path = config_freebsd;
			sourceTree = "<group>";
		};
		A42C8C8315E347DE00E15452 /* config_linux */ = {
			isa = PBXGroup;
			children = (
				A42C8C8415E347DE00E15452 /* ares_config.h */,
			);
			path = config_linux;
			sourceTree = "<group>";
		};
		A42C8C8515E347DE00E15452 /* config_netbsd */ = {
			isa = PBXGroup;
			children = (
				A42C8C8615E347DE00E15452 /* ares_config.h */,
			);
			path = config_netbsd;
			sourceTree = "<group>";
		};
		A42C8C8715E347DE00E15452 /* config_openbsd */ = {
			isa = PBXGroup;
			children = (
				A42C8C8815E347DE00E15452 /* ares_config.h */,
			);
			path = config_openbsd;
			sourceTree = "<group>";
		};
		A42C8C8915E347DE00E15452 /* config_sunos */ = {
			isa = PBXGroup;
			children = (
				A42C8C8A15E347DE00E15452 /* ares_config.h */,
			);
			path = config_sunos;
			sourceTree = "<group>";
		};
		A42C8C8B15E347DE00E15452 /* config_win32 */ = {
			isa = PBXGroup;
			children = (
				A42C8C8C15E347DE00E15452 /* ares_config.h */,
			);
			path = config_win32;
			sourceTree = "<group>";
		};
		A42C8CA215E347DE00E15452 /* unix */ = {
			isa = PBXGroup;
			children = (
				A42C8CA315E347DE00E15452 /* async.c */,
				A42C8CA415E347DE00E15452 /* async.o */,
				A42C8CA515E347DE00E15452 /* core.c */,
				A42C8CA615E347DE00E15452 /* core.o */,
				A42C8CA715E347DE00E15452 /* cygwin.c */,
				A42C8CA815E347DE00E15452 /* darwin.c */,
				A42C8CA915E347DE00E15452 /* darwin.o */,
				A42C8CAA15E347DE00E15452 /* dl.c */,
				A42C8CAB15E347DE00E15452 /* dl.o */,
				A42C8CAC15E347DE00E15452 /* eio */,
				A42C8CC315E347DE00E15452 /* error.c */,
				A42C8CC415E347DE00E15452 /* error.o */,
				A42C8CC515E347DE00E15452 /* ev */,
				A42C8CEE15E347DE00E15452 /* freebsd.c */,
				A42C8CEF15E347DE00E15452 /* fs.c */,
				A42C8CF015E347DE00E15452 /* fs.o */,
				A42C8CF115E347DE00E15452 /* internal.h */,
				A42C8CF215E347DE00E15452 /* kqueue.c */,
				A42C8CF315E347DE00E15452 /* kqueue.o */,
				A42C8CF415E347DE00E15452 /* linux */,
				A42C8CF915E347DE00E15452 /* loop-watcher.c */,
				A42C8CFA15E347DE00E15452 /* loop-watcher.o */,
				A42C8CFB15E347DE00E15452 /* loop.c */,
				A42C8CFC15E347DE00E15452 /* loop.o */,
				A42C8CFD15E347DE00E15452 /* netbsd.c */,
				A42C8CFE15E347DE00E15452 /* openbsd.c */,
				A42C8CFF15E347DE00E15452 /* pipe.c */,
				A42C8D0015E347DE00E15452 /* pipe.o */,
				A42C8D0115E347DE00E15452 /* poll.c */,
				A42C8D0215E347DE00E15452 /* poll.o */,
				A42C8D0315E347DE00E15452 /* process.c */,
				A42C8D0415E347DE00E15452 /* process.o */,
				A42C8D0515E347DE00E15452 /* stream.c */,
				A42C8D0615E347DE00E15452 /* stream.o */,
				A42C8D0715E347DE00E15452 /* sunos.c */,
				A42C8D0815E347DE00E15452 /* tcp.c */,
				A42C8D0915E347DE00E15452 /* tcp.o */,
				A42C8D0A15E347DE00E15452 /* thread.c */,
				A42C8D0B15E347DE00E15452 /* thread.o */,
				A42C8D0C15E347DE00E15452 /* timer.c */,
				A42C8D0D15E347DE00E15452 /* timer.o */,
				A42C8D0E15E347DE00E15452 /* tty.c */,
				A42C8D0F15E347DE00E15452 /* tty.o */,
				A42C8D1015E347DE00E15452 /* udp.c */,
				A42C8D1115E347DE00E15452 /* udp.o */,
				A42C8D1215E347DE00E15452 /* uv-eio.c */,
				A42C8D1315E347DE00E15452 /* uv-eio.h */,
				A42C8D1415E347DE00E15452 /* uv-eio.o */,
			);
			path = unix;
			sourceTree = "<group>";
		};
		A42C8CAC15E347DE00E15452 /* eio */ = {
			isa = PBXGroup;
			children = (
				A42C8CAD15E347DE00E15452 /* aclocal.m4 */,
				A42C8CAE15E347DE00E15452 /* autogen.sh */,
				A42C8CAF15E347DE00E15452 /* Changes */,
				A42C8CB015E347DE00E15452 /* config.h.in */,
				A42C8CB115E347DE00E15452 /* config_cygwin.h */,
				A42C8CB215E347DE00E15452 /* config_darwin.h */,
				A42C8CB315E347DE00E15452 /* config_freebsd.h */,
				A42C8CB415E347DE00E15452 /* config_linux.h */,
				A42C8CB515E347DE00E15452 /* config_netbsd.h */,
				A42C8CB615E347DE00E15452 /* config_openbsd.h */,
				A42C8CB715E347DE00E15452 /* config_sunos.h */,
				A42C8CB815E347DE00E15452 /* configure.ac */,
				A42C8CB915E347DE00E15452 /* demo.c */,
				A42C8CBA15E347DE00E15452 /* ecb.h */,
				A42C8CBB15E347DE00E15452 /* eio.3 */,
				A42C8CBC15E347DE00E15452 /* eio.c */,
				A42C8CBD15E347DE00E15452 /* eio.o */,
				A42C8CBE15E347DE00E15452 /* eio.pod */,
				A42C8CBF15E347DE00E15452 /* libeio.m4 */,
				A42C8CC015E347DE00E15452 /* LICENSE */,
				A42C8CC115E347DE00E15452 /* Makefile.am */,
				A42C8CC215E347DE00E15452 /* xthread.h */,
			);
			path = eio;
			sourceTree = "<group>";
		};
		A42C8CC515E347DE00E15452 /* ev */ = {
			isa = PBXGroup;
			children = (
				A42C8CC615E347DE00E15452 /* aclocal.m4 */,
				A42C8CC715E347DE00E15452 /* autogen.sh */,
				A42C8CC815E347DE00E15452 /* Changes */,
				A42C8CC915E347DE00E15452 /* config.guess */,
				A42C8CCA15E347DE00E15452 /* config.h.in */,
				A42C8CCB15E347DE00E15452 /* config.sub */,
				A42C8CCC15E347DE00E15452 /* config_cygwin.h */,
				A42C8CCD15E347DE00E15452 /* config_darwin.h */,
				A42C8CCE15E347DE00E15452 /* config_freebsd.h */,
				A42C8CCF15E347DE00E15452 /* config_linux.h */,
				A42C8CD015E347DE00E15452 /* config_netbsd.h */,
				A42C8CD115E347DE00E15452 /* config_openbsd.h */,
				A42C8CD215E347DE00E15452 /* config_sunos.h */,
				A42C8CD315E347DE00E15452 /* configure */,
				A42C8CD415E347DE00E15452 /* configure.ac */,
				A42C8CD515E347DE00E15452 /* depcomp */,
				A42C8CD615E347DE00E15452 /* ev++.h */,
				A42C8CD715E347DE00E15452 /* ev.3 */,
				A42C8CD815E347DE00E15452 /* ev.c */,
				A42C8CD915E347DE00E15452 /* ev.o */,
				A42C8CDA15E347DE00E15452 /* ev.pod */,
				A42C8CDB15E347DE00E15452 /* ev_epoll.c */,
				A42C8CDC15E347DE00E15452 /* ev_kqueue.c */,
				A42C8CDD15E347DE00E15452 /* ev_poll.c */,
				A42C8CDE15E347DE00E15452 /* ev_port.c */,
				A42C8CDF15E347DE00E15452 /* ev_select.c */,
				A42C8CE015E347DE00E15452 /* ev_vars.h */,
				A42C8CE115E347DE00E15452 /* ev_win32.c */,
				A42C8CE215E347DE00E15452 /* ev_wrap.h */,
				A42C8CE315E347DE00E15452 /* event.c */,
				A42C8CE415E347DE00E15452 /* event.h */,
				A42C8CE515E347DE00E15452 /* install-sh */,
				A42C8CE615E347DE00E15452 /* libev.m4 */,
				A42C8CE715E347DE00E15452 /* LICENSE */,
				A42C8CE815E347DE00E15452 /* ltmain.sh */,
				A42C8CE915E347DE00E15452 /* Makefile.am */,
				A42C8CEA15E347DE00E15452 /* Makefile.in */,
				A42C8CEB15E347DE00E15452 /* missing */,
				A42C8CEC15E347DE00E15452 /* mkinstalldirs */,
				A42C8CED15E347DE00E15452 /* README */,
			);
			path = ev;
			sourceTree = "<group>";
		};
		A42C8CF415E347DE00E15452 /* linux */ = {
			isa = PBXGroup;
			children = (
				A42C8CF515E347DE00E15452 /* inotify.c */,
				A42C8CF615E347DE00E15452 /* linux-core.c */,
				A42C8CF715E347DE00E15452 /* syscalls.c */,
				A42C8CF815E347DE00E15452 /* syscalls.h */,
			);
			path = linux;
			sourceTree = "<group>";
		};
		A42C8D1815E347DE00E15452 /* win */ = {
			isa = PBXGroup;
			children = (
				A42C8D1915E347DE00E15452 /* async.c */,
				A42C8D1A15E347DE00E15452 /* core.c */,
				A42C8D1B15E347DE00E15452 /* dl.c */,
				A42C8D1C15E347DE00E15452 /* error.c */,
				A42C8D1D15E347DE00E15452 /* fs-event.c */,
				A42C8D1E15E347DE00E15452 /* fs.c */,
				A42C8D1F15E347DE00E15452 /* getaddrinfo.c */,
				A42C8D2015E347DE00E15452 /* handle-inl.h */,
				A42C8D2115E347DE00E15452 /* handle.c */,
				A42C8D2215E347DE00E15452 /* internal.h */,
				A42C8D2315E347DE00E15452 /* loop-watcher.c */,
				A42C8D2415E347DE00E15452 /* pipe.c */,
				A42C8D2515E347DE00E15452 /* poll.c */,
				A42C8D2615E347DE00E15452 /* process-stdio.c */,
				A42C8D2715E347DE00E15452 /* process.c */,
				A42C8D2815E347DE00E15452 /* req-inl.h */,
				A42C8D2915E347DE00E15452 /* req.c */,
				A42C8D2A15E347DE00E15452 /* stream-inl.h */,
				A42C8D2B15E347DE00E15452 /* stream.c */,
				A42C8D2C15E347DE00E15452 /* tcp.c */,
				A42C8D2D15E347DE00E15452 /* thread.c */,
				A42C8D2E15E347DE00E15452 /* threadpool.c */,
				A42C8D2F15E347DE00E15452 /* timer.c */,
				A42C8D3015E347DE00E15452 /* tty.c */,
				A42C8D3115E347DE00E15452 /* udp.c */,
				A42C8D3215E347DE00E15452 /* util.c */,
				A42C8D3315E347DE00E15452 /* winapi.c */,
				A42C8D3415E347DE00E15452 /* winapi.h */,
				A42C8D3515E347DE00E15452 /* winsock.c */,
				A42C8D3615E347DE00E15452 /* winsock.h */,
			);
			path = win;
			sourceTree = "<group>";
		};
		A42C8D3715E347DE00E15452 /* test */ = {
			isa = PBXGroup;
			children = (
				A42C8D3815E347DE00E15452 /* benchmark-ares.c */,
				A42C8D3915E347DE00E15452 /* benchmark-fs-stat.c */,
				A42C8D3A15E347DE00E15452 /* benchmark-getaddrinfo.c */,
				A42C8D3B15E347DE00E15452 /* benchmark-list.h */,
				A42C8D3C15E347DE00E15452 /* benchmark-loop-count.c */,
				A42C8D3D15E347DE00E15452 /* benchmark-million-timers.c */,
				A42C8D3E15E347DE00E15452 /* benchmark-ping-pongs.c */,
				A42C8D3F15E347DE00E15452 /* benchmark-pound.c */,
				A42C8D4015E347DE00E15452 /* benchmark-pump.c */,
				A42C8D4115E347DE00E15452 /* benchmark-sizes.c */,
				A42C8D4215E347DE00E15452 /* benchmark-spawn.c */,
				A42C8D4315E347DE00E15452 /* benchmark-tcp-write-batch.c */,
				A42C8D4415E347DE00E15452 /* benchmark-thread.c */,
				A42C8D4515E347DE00E15452 /* benchmark-udp-packet-storm.c */,
				A42C8D4615E347DE00E15452 /* blackhole-server.c */,
				A42C8D4715E347DE00E15452 /* dns-server.c */,
				A42C8D4815E347DE00E15452 /* echo-server.c */,
				A42C8D4915E347DE00E15452 /* fixtures */,
				A42C8D4C15E347DE00E15452 /* run-benchmarks.c */,
				A42C8D4D15E347DE00E15452 /* run-tests.c */,
				A42C8D4E15E347DE00E15452 /* runner-unix.c */,
				A42C8D4F15E347DE00E15452 /* runner-unix.h */,
				A42C8D5015E347DE00E15452 /* runner-win.c */,
				A42C8D5115E347DE00E15452 /* runner-win.h */,
				A42C8D5215E347DE00E15452 /* runner.c */,
				A42C8D5315E347DE00E15452 /* runner.h */,
				A42C8D5415E347DE00E15452 /* task.h */,
				A42C8D5515E347DE00E15452 /* test-async.c */,
				A42C8D5615E347DE00E15452 /* test-callback-order.c */,
				A42C8D5715E347DE00E15452 /* test-callback-stack.c */,
				A42C8D5815E347DE00E15452 /* test-connection-fail.c */,
				A42C8D5915E347DE00E15452 /* test-counters-init.c */,
				A42C8D5A15E347DE00E15452 /* test-cwd-and-chdir.c */,
				A42C8D5B15E347DE00E15452 /* test-delayed-accept.c */,
				A42C8D5C15E347DE00E15452 /* test-dlerror.c */,
				A42C8D5D15E347DE00E15452 /* test-error.c */,
				A42C8D5E15E347DE00E15452 /* test-fail-always.c */,
				A42C8D5F15E347DE00E15452 /* test-fs-event.c */,
				A42C8D6015E347DE00E15452 /* test-fs-poll.c */,
				A42C8D6115E347DE00E15452 /* test-fs.c */,
				A42C8D6215E347DE00E15452 /* test-get-currentexe.c */,
				A42C8D6315E347DE00E15452 /* test-get-loadavg.c */,
				A42C8D6415E347DE00E15452 /* test-get-memory.c */,
				A42C8D6515E347DE00E15452 /* test-getaddrinfo.c */,
				A42C8D6615E347DE00E15452 /* test-gethostbyname.c */,
				A42C8D6715E347DE00E15452 /* test-getsockname.c */,
				A42C8D6815E347DE00E15452 /* test-hrtime.c */,
				A42C8D6915E347DE00E15452 /* test-idle.c */,
				A42C8D6A15E347DE00E15452 /* test-ipc-send-recv.c */,
				A42C8D6B15E347DE00E15452 /* test-ipc.c */,
				A42C8D6C15E347DE00E15452 /* test-list.h */,
				A42C8D6D15E347DE00E15452 /* test-loop-handles.c */,
				A42C8D6E15E347DE00E15452 /* test-multiple-listen.c */,
				A42C8D6F15E347DE00E15452 /* test-mutexes.c */,
				A42C8D7015E347DE00E15452 /* test-pass-always.c */,
				A42C8D7115E347DE00E15452 /* test-ping-pong.c */,
				A42C8D7215E347DE00E15452 /* test-pipe-bind-error.c */,
				A42C8D7315E347DE00E15452 /* test-pipe-connect-error.c */,
				A42C8D7415E347DE00E15452 /* test-platform-output.c */,
				A42C8D7515E347DE00E15452 /* test-poll-close.c */,
				A42C8D7615E347DE00E15452 /* test-poll.c */,
				A42C8D7715E347DE00E15452 /* test-process-title.c */,
				A42C8D7815E347DE00E15452 /* test-ref.c */,
				A42C8D7915E347DE00E15452 /* test-run-once.c */,
				A42C8D7A15E347DE00E15452 /* test-semaphore.c */,
				A42C8D7B15E347DE00E15452 /* test-shutdown-close.c */,
				A42C8D7C15E347DE00E15452 /* test-shutdown-eof.c */,
				A42C8D7D15E347DE00E15452 /* test-spawn.c */,
				A42C8D7E15E347DE00E15452 /* test-stdio-over-pipes.c */,
				A42C8D7F15E347DE00E15452 /* test-tcp-bind-error.c */,
				A42C8D8015E347DE00E15452 /* test-tcp-bind6-error.c */,
				A42C8D8115E347DE00E15452 /* test-tcp-close-while-connecting.c */,
				A42C8D8215E347DE00E15452 /* test-tcp-close.c */,
				A42C8D8315E347DE00E15452 /* test-tcp-connect-error-after-write.c */,
				A42C8D8415E347DE00E15452 /* test-tcp-connect-error.c */,
				A42C8D8515E347DE00E15452 /* test-tcp-connect-timeout.c */,
				A42C8D8615E347DE00E15452 /* test-tcp-connect6-error.c */,
				A42C8D8715E347DE00E15452 /* test-tcp-flags.c */,
				A42C8D8815E347DE00E15452 /* test-tcp-shutdown-after-write.c */,
				A42C8D8915E347DE00E15452 /* test-tcp-unexpected-read.c */,
				A42C8D8A15E347DE00E15452 /* test-tcp-write-error.c */,
				A42C8D8B15E347DE00E15452 /* test-tcp-write-to-half-open-connection.c */,
				A42C8D8C15E347DE00E15452 /* test-tcp-writealot.c */,
				A42C8D8D15E347DE00E15452 /* test-thread.c */,
				A42C8D8E15E347DE00E15452 /* test-threadpool.c */,
				A42C8D8F15E347DE00E15452 /* test-timer-again.c */,
				A42C8D9015E347DE00E15452 /* test-timer.c */,
				A42C8D9115E347DE00E15452 /* test-tty.c */,
				A42C8D9215E347DE00E15452 /* test-udp-dgram-too-big.c */,
				A42C8D9315E347DE00E15452 /* test-udp-ipv6.c */,
				A42C8D9415E347DE00E15452 /* test-udp-multicast-join.c */,
				A42C8D9515E347DE00E15452 /* test-udp-multicast-ttl.c */,
				A42C8D9615E347DE00E15452 /* test-udp-options.c */,
				A42C8D9715E347DE00E15452 /* test-udp-send-and-recv.c */,
				A42C8D9815E347DE00E15452 /* test-util.c */,
				A42C8D9915E347DE00E15452 /* test-walk-handles.c */,
			);
			path = test;
			sourceTree = "<group>";
		};
		A42C8D4915E347DE00E15452 /* fixtures */ = {
			isa = PBXGroup;
			children = (
				A42C8D4A15E347DE00E15452 /* empty_file */,
				A42C8D4B15E347DE00E15452 /* load_error.node */,
			);
			path = fixtures;
			sourceTree = "<group>";
		};
/* End PBXGroup section */

/* Begin PBXLegacyTarget section */
		A409727315E347B7002BE21C /* x10 */ = {
			isa = PBXLegacyTarget;
			buildArgumentsString = "$(ACTION)";
			buildConfigurationList = A409727615E347B7002BE21C /* Build configuration list for PBXLegacyTarget "x10" */;
			buildPhases = (
			);
			buildToolPath = /usr/bin/make;
			buildWorkingDirectory = "";
			dependencies = (
			);
			name = x10;
			passBuildSettingsInEnvironment = 0;
			productName = x10;
		};
/* End PBXLegacyTarget section */

/* Begin PBXProject section */
		A409726E15E347B7002BE21C /* Project object */ = {
			isa = PBXProject;
			attributes = {
				LastUpgradeCheck = 0440;
				ORGANIZATIONNAME = "Daniel Kang";
			};
			buildConfigurationList = A409727115E347B7002BE21C /* Build configuration list for PBXProject "x10" */;
			compatibilityVersion = "Xcode 3.2";
			developmentRegion = English;
			hasScannedForEncodings = 0;
			knownRegions = (
				en,
			);
			mainGroup = A409726C15E347B7002BE21C;
			projectDirPath = "";
			projectRoot = "";
			targets = (
				A409727315E347B7002BE21C /* x10 */,
			);
		};
/* End PBXProject section */

/* Begin XCBuildConfiguration section */
		A409727415E347B7002BE21C /* Debug */ = {
			isa = XCBuildConfiguration;
			buildSettings = {
				ALWAYS_SEARCH_USER_PATHS = NO;
				ARCHS = "$(ARCHS_STANDARD_64_BIT)";
				CLANG_CXX_LANGUAGE_STANDARD = "gnu++0x";
				CLANG_WARN__DUPLICATE_METHOD_MATCH = YES;
				COPY_PHASE_STRIP = NO;
				GCC_C_LANGUAGE_STANDARD = gnu99;
				GCC_DYNAMIC_NO_PIC = NO;
				GCC_ENABLE_OBJC_EXCEPTIONS = YES;
				GCC_OPTIMIZATION_LEVEL = 0;
				GCC_PREPROCESSOR_DEFINITIONS = (
					"DEBUG=1",
					"$(inherited)",
				);
				GCC_SYMBOLS_PRIVATE_EXTERN = NO;
				GCC_WARN_64_TO_32_BIT_CONVERSION = YES;
				GCC_WARN_ABOUT_RETURN_TYPE = YES;
				GCC_WARN_UNINITIALIZED_AUTOS = YES;
				GCC_WARN_UNUSED_VARIABLE = YES;
				MACOSX_DEPLOYMENT_TARGET = 10.8;
				ONLY_ACTIVE_ARCH = YES;
				SDKROOT = macosx;
			};
			name = Debug;
		};
		A409727515E347B7002BE21C /* Release */ = {
			isa = XCBuildConfiguration;
			buildSettings = {
				ALWAYS_SEARCH_USER_PATHS = NO;
				ARCHS = "$(ARCHS_STANDARD_64_BIT)";
				CLANG_CXX_LANGUAGE_STANDARD = "gnu++0x";
				CLANG_WARN__DUPLICATE_METHOD_MATCH = YES;
				COPY_PHASE_STRIP = YES;
				DEBUG_INFORMATION_FORMAT = "dwarf-with-dsym";
				GCC_C_LANGUAGE_STANDARD = gnu99;
				GCC_ENABLE_OBJC_EXCEPTIONS = YES;
				GCC_WARN_64_TO_32_BIT_CONVERSION = YES;
				GCC_WARN_ABOUT_RETURN_TYPE = YES;
				GCC_WARN_UNINITIALIZED_AUTOS = YES;
				GCC_WARN_UNUSED_VARIABLE = YES;
				MACOSX_DEPLOYMENT_TARGET = 10.8;
				SDKROOT = macosx;
			};
			name = Release;
		};
		A409727715E347B7002BE21C /* Debug */ = {
			isa = XCBuildConfiguration;
			buildSettings = {
				DEBUGGING_SYMBOLS = YES;
				GCC_GENERATE_DEBUGGING_SYMBOLS = YES;
				GCC_OPTIMIZATION_LEVEL = 0;
				OTHER_CFLAGS = "";
				OTHER_LDFLAGS = "";
				PRODUCT_NAME = "$(TARGET_NAME)";
			};
			name = Debug;
		};
		A409727815E347B7002BE21C /* Release */ = {
			isa = XCBuildConfiguration;
			buildSettings = {
				OTHER_CFLAGS = "";
				OTHER_LDFLAGS = "";
				PRODUCT_NAME = "$(TARGET_NAME)";
			};
			name = Release;
		};
/* End XCBuildConfiguration section */

/* Begin XCConfigurationList section */
		A409727115E347B7002BE21C /* Build configuration list for PBXProject "x10" */ = {
			isa = XCConfigurationList;
			buildConfigurations = (
				A409727415E347B7002BE21C /* Debug */,
				A409727515E347B7002BE21C /* Release */,
			);
			defaultConfigurationIsVisible = 0;
			defaultConfigurationName = Release;
		};
		A409727615E347B7002BE21C /* Build configuration list for PBXLegacyTarget "x10" */ = {
			isa = XCConfigurationList;
			buildConfigurations = (
				A409727715E347B7002BE21C /* Debug */,
				A409727815E347B7002BE21C /* Release */,
			);
			defaultConfigurationIsVisible = 0;
			defaultConfigurationName = Release;
		};
/* End XCConfigurationList section */
	};
	rootObject = A409726E15E347B7002BE21C /* Project object */;
}
